
Microsoft Visual Studio Solution File, Format Version 12.00
# Visual Studio 15
VisualStudioVersion = 15.0.28010.2041
MinimumVisualStudioVersion = 10.0.40219.1
Project("{FAE04EC0-301F-11D3-BF4B-00C04F79EFBC}") = "Konbini.Messages.Net45", "Konbini.Messages.Net45\Konbini.Messages.Net45.csproj", "{8B66874D-D3C6-4443-AD8B-BE046EC9F7D4}"
EndProject
Project("{9A19103F-16F7-4668-BE54-9A1E7A4F7556}") = "Konbini.Messages", "Konbini.Messages\Konbini.Messages.csproj", "{5971460F-00F2-4FD7-BD3D-9D3CB6071147}"
EndProject
Global
	GlobalSection(SolutionConfigurationPlatforms) = preSolution
		Debug|Any CPU = Debug|Any CPU
		Release|Any CPU = Release|Any CPU
	EndGlobalSection
	GlobalSection(ProjectConfigurationPlatforms) = postSolution
		{8B66874D-D3C6-4443-AD8B-BE046EC9F7D4}.Debug|Any CPU.ActiveCfg = Debug|Any CPU
		{8B66874D-D3C6-4443-AD8B-BE046EC9F7D4}.Debug|Any CPU.Build.0 = Debug|Any CPU
		{8B66874D-D3C6-4443-AD8B-BE046EC9F7D4}.Release|Any CPU.ActiveCfg = Release|Any CPU
		{8B66874D-D3C6-4443-AD8B-BE046EC9F7D4}.Release|Any CPU.Build.0 = Release|Any CPU
		{5971460F-00F2-4FD7-BD3D-9D3CB6071147}.Debug|Any CPU.ActiveCfg = Debug|Any CPU
		{5971460F-00F2-4FD7-BD3D-9D3CB6071147}.Debug|Any CPU.Build.0 = Debug|Any CPU
		{5971460F-00F2-4FD7-BD3D-9D3CB6071147}.Release|Any CPU.ActiveCfg = Release|Any CPU
		{5971460F-00F2-4FD7-BD3D-9D3CB6071147}.Release|Any CPU.Build.0 = Release|Any CPU
	EndGlobalSection
	GlobalSection(SolutionProperties) = preSolution
		HideSolutionNode = FALSE
	EndGlobalSection
	GlobalSection(ExtensibilityGlobals) = postSolution
		SolutionGuid = {69242F3C-A500-4E1E-92A7-DF6B8CC08A3B}
	EndGlobalSection
EndGlobal
