
Microsoft Visual Studio Solution File, Format Version 12.00
# Visual Studio 15
VisualStudioVersion = 15.0.26730.12
MinimumVisualStudioVersion = 10.0.40219.1
Project("{FAE04EC0-301F-11D3-BF4B-00C04F79EFBC}") = "KonbiBrain.Common", "KonbiBrain.Common\KonbiBrain.Common.csproj", "{86817EBE-CB51-4CCF-A5A3-1C3C68CD9A0B}"
EndProject
Project("{FAE04EC0-301F-11D3-BF4B-00C04F79EFBC}") = "ChillerBrain", "ChillerBrain\ChillerBrain.csproj", "{08EA1952-3BDB-4EB5-8FC5-0842ABFCC40F}"
EndProject
Project("{FAE04EC0-301F-11D3-BF4B-00C04F79EFBC}") = "TemplateBrain", "TemplateBrain\TemplateBrain.csproj", "{026F6DEA-5F49-4CC1-92CD-6F3C28B220C9}"
EndProject
Project("{FAE04EC0-301F-11D3-BF4B-00C04F79EFBC}") = "KonbiBrain.WindowServices.RFIDTable", "KonbiBrain.WindowServices.RFIDTable\KonbiBrain.WindowServices.RFIDTable.csproj", "{5ED944F7-5B96-43C3-B957-E3305E6264DC}"
EndProject
Project("{FAE04EC0-301F-11D3-BF4B-00C04F79EFBC}") = "Konbi.Simulator", "Konbi.Simulator\Konbi.Simulator.csproj", "{A0D08573-1EC0-40CA-8B94-8FE8870283BF}"
EndProject
Project("{9A19103F-16F7-4668-BE54-9A1E7A4F7556}") = "Konbini.Messages", "..\..\Common\Konbi.Common\Konbini.Messages\Konbini.Messages.csproj", "{A84B6DC2-1439-4D8B-8F43-186B78F5DFD3}"
EndProject
Project("{FAE04EC0-301F-11D3-BF4B-00C04F79EFBC}") = "MdbCashlessBrain", "MdbBrain\MdbCashlessBrain.csproj", "{E7E40A9C-2CFC-487A-9D56-83F333A1321D}"
EndProject
Project("{9A19103F-16F7-4668-BE54-9A1E7A4F7556}") = "MdbCashlessConsoleBrain", "MdbCashlessConsoleBrain\MdbCashlessConsoleBrain.csproj", "{602C972A-60A1-4A4C-B272-2B523A740694}"
EndProject
Project("{FAE04EC0-301F-11D3-BF4B-00C04F79EFBC}") = "KonbiBrain.WS.MdbCashless", "KonbiBrain.WS.MdbCashless\KonbiBrain.WS.MdbCashless.csproj", "{69CCD094-D78B-46AC-9477-77AB91AA42AD}"
EndProject
Project("{FAE04EC0-301F-11D3-BF4B-00C04F79EFBC}") = "Konbi.Camera", "Konbi.Camera\Konbi.Camera.csproj", "{433559C2-FB3B-46DB-AA70-0739EFA8EE90}"
EndProject
Project("{FAE04EC0-301F-11D3-BF4B-00C04F79EFBC}") = "StompSharp", "StompSharp\StompSharp.csproj", "{7ABDC67E-7457-48FA-A81A-4098D291DA19}"
EndProject
Project("{FAE04EC0-301F-11D3-BF4B-00C04F79EFBC}") = "RawInputBrain", "RawInputBrain\RawInputBrain.csproj", "{517AAE88-AE5B-4B98-863A-C6C39D1CC833}"
EndProject
Project("{FAE04EC0-301F-11D3-BF4B-00C04F79EFBC}") = "BillAcceptorBrain", "BillAcceptorBrain\BillAcceptorBrain.csproj", "{1CD32790-AE4C-429C-BAC2-C51208EAC6A2}"
EndProject
Global
	GlobalSection(SolutionConfigurationPlatforms) = preSolution
		Debug_Bosch|Any CPU = Debug_Bosch|Any CPU
		Debug_Bosch|ARM = Debug_Bosch|ARM
		Debug_Bosch|x64 = Debug_Bosch|x64
		Debug_Bosch|x86 = Debug_Bosch|x86
		Debug|Any CPU = Debug|Any CPU
		Debug|ARM = Debug|ARM
		Debug|x64 = Debug|x64
		Debug|x86 = Debug|x86
		Debug-40|Any CPU = Debug-40|Any CPU
		Debug-40|ARM = Debug-40|ARM
		Debug-40|x64 = Debug-40|x64
		Debug-40|x86 = Debug-40|x86
		Debug-45|Any CPU = Debug-45|Any CPU
		Debug-45|ARM = Debug-45|ARM
		Debug-45|x64 = Debug-45|x64
		Debug-45|x86 = Debug-45|x86
		Debug-Lenovo|Any CPU = Debug-Lenovo|Any CPU
		Debug-Lenovo|ARM = Debug-Lenovo|ARM
		Debug-Lenovo|x64 = Debug-Lenovo|x64
		Debug-Lenovo|x86 = Debug-Lenovo|x86
		Release|Any CPU = Release|Any CPU
		Release|ARM = Release|ARM
		Release|x64 = Release|x64
		Release|x86 = Release|x86
		Release-40|Any CPU = Release-40|Any CPU
		Release-40|ARM = Release-40|ARM
		Release-40|x64 = Release-40|x64
		Release-40|x86 = Release-40|x86
		Release-45|Any CPU = Release-45|Any CPU
		Release-45|ARM = Release-45|ARM
		Release-45|x64 = Release-45|x64
		Release-45|x86 = Release-45|x86
		Release-CP|Any CPU = Release-CP|Any CPU
		Release-CP|ARM = Release-CP|ARM
		Release-CP|x64 = Release-CP|x64
		Release-CP|x86 = Release-CP|x86
	EndGlobalSection
	GlobalSection(ProjectConfigurationPlatforms) = postSolution
		{86817EBE-CB51-4CCF-A5A3-1C3C68CD9A0B}.Debug_Bosch|Any CPU.ActiveCfg = Debug_Bosch|Any CPU
		{86817EBE-CB51-4CCF-A5A3-1C3C68CD9A0B}.Debug_Bosch|Any CPU.Build.0 = Debug_Bosch|Any CPU
		{86817EBE-CB51-4CCF-A5A3-1C3C68CD9A0B}.Debug_Bosch|ARM.ActiveCfg = Debug_Bosch|Any CPU
		{86817EBE-CB51-4CCF-A5A3-1C3C68CD9A0B}.Debug_Bosch|ARM.Build.0 = Debug_Bosch|Any CPU
		{86817EBE-CB51-4CCF-A5A3-1C3C68CD9A0B}.Debug_Bosch|x64.ActiveCfg = Debug_Bosch|Any CPU
		{86817EBE-CB51-4CCF-A5A3-1C3C68CD9A0B}.Debug_Bosch|x64.Build.0 = Debug_Bosch|Any CPU
		{86817EBE-CB51-4CCF-A5A3-1C3C68CD9A0B}.Debug_Bosch|x86.ActiveCfg = Debug_Bosch|Any CPU
		{86817EBE-CB51-4CCF-A5A3-1C3C68CD9A0B}.Debug_Bosch|x86.Build.0 = Debug_Bosch|Any CPU
		{86817EBE-CB51-4CCF-A5A3-1C3C68CD9A0B}.Debug|Any CPU.ActiveCfg = Debug|Any CPU
		{86817EBE-CB51-4CCF-A5A3-1C3C68CD9A0B}.Debug|Any CPU.Build.0 = Debug|Any CPU
		{86817EBE-CB51-4CCF-A5A3-1C3C68CD9A0B}.Debug|ARM.ActiveCfg = Debug|Any CPU
		{86817EBE-CB51-4CCF-A5A3-1C3C68CD9A0B}.Debug|ARM.Build.0 = Debug|Any CPU
		{86817EBE-CB51-4CCF-A5A3-1C3C68CD9A0B}.Debug|x64.ActiveCfg = Debug|Any CPU
		{86817EBE-CB51-4CCF-A5A3-1C3C68CD9A0B}.Debug|x64.Build.0 = Debug|Any CPU
		{86817EBE-CB51-4CCF-A5A3-1C3C68CD9A0B}.Debug|x86.ActiveCfg = Debug|Any CPU
		{86817EBE-CB51-4CCF-A5A3-1C3C68CD9A0B}.Debug|x86.Build.0 = Debug|Any CPU
		{86817EBE-CB51-4CCF-A5A3-1C3C68CD9A0B}.Debug-40|Any CPU.ActiveCfg = Debug|Any CPU
		{86817EBE-CB51-4CCF-A5A3-1C3C68CD9A0B}.Debug-40|Any CPU.Build.0 = Debug|Any CPU
		{86817EBE-CB51-4CCF-A5A3-1C3C68CD9A0B}.Debug-40|ARM.ActiveCfg = Debug-Lenovo|Any CPU
		{86817EBE-CB51-4CCF-A5A3-1C3C68CD9A0B}.Debug-40|ARM.Build.0 = Debug-Lenovo|Any CPU
		{86817EBE-CB51-4CCF-A5A3-1C3C68CD9A0B}.Debug-40|x64.ActiveCfg = Debug-Lenovo|Any CPU
		{86817EBE-CB51-4CCF-A5A3-1C3C68CD9A0B}.Debug-40|x64.Build.0 = Debug-Lenovo|Any CPU
		{86817EBE-CB51-4CCF-A5A3-1C3C68CD9A0B}.Debug-40|x86.ActiveCfg = Debug|Any CPU
		{86817EBE-CB51-4CCF-A5A3-1C3C68CD9A0B}.Debug-40|x86.Build.0 = Debug|Any CPU
		{86817EBE-CB51-4CCF-A5A3-1C3C68CD9A0B}.Debug-45|Any CPU.ActiveCfg = Debug|Any CPU
		{86817EBE-CB51-4CCF-A5A3-1C3C68CD9A0B}.Debug-45|Any CPU.Build.0 = Debug|Any CPU
		{86817EBE-CB51-4CCF-A5A3-1C3C68CD9A0B}.Debug-45|ARM.ActiveCfg = Debug-Lenovo|Any CPU
		{86817EBE-CB51-4CCF-A5A3-1C3C68CD9A0B}.Debug-45|ARM.Build.0 = Debug-Lenovo|Any CPU
		{86817EBE-CB51-4CCF-A5A3-1C3C68CD9A0B}.Debug-45|x64.ActiveCfg = Debug-Lenovo|Any CPU
		{86817EBE-CB51-4CCF-A5A3-1C3C68CD9A0B}.Debug-45|x64.Build.0 = Debug-Lenovo|Any CPU
		{86817EBE-CB51-4CCF-A5A3-1C3C68CD9A0B}.Debug-45|x86.ActiveCfg = Debug|Any CPU
		{86817EBE-CB51-4CCF-A5A3-1C3C68CD9A0B}.Debug-45|x86.Build.0 = Debug|Any CPU
		{86817EBE-CB51-4CCF-A5A3-1C3C68CD9A0B}.Debug-Lenovo|Any CPU.ActiveCfg = Debug-Lenovo|Any CPU
		{86817EBE-CB51-4CCF-A5A3-1C3C68CD9A0B}.Debug-Lenovo|Any CPU.Build.0 = Debug-Lenovo|Any CPU
		{86817EBE-CB51-4CCF-A5A3-1C3C68CD9A0B}.Debug-Lenovo|ARM.ActiveCfg = Debug-Lenovo|Any CPU
		{86817EBE-CB51-4CCF-A5A3-1C3C68CD9A0B}.Debug-Lenovo|ARM.Build.0 = Debug-Lenovo|Any CPU
		{86817EBE-CB51-4CCF-A5A3-1C3C68CD9A0B}.Debug-Lenovo|x64.ActiveCfg = Debug-Lenovo|Any CPU
		{86817EBE-CB51-4CCF-A5A3-1C3C68CD9A0B}.Debug-Lenovo|x64.Build.0 = Debug-Lenovo|Any CPU
		{86817EBE-CB51-4CCF-A5A3-1C3C68CD9A0B}.Debug-Lenovo|x86.ActiveCfg = Debug-Lenovo|Any CPU
		{86817EBE-CB51-4CCF-A5A3-1C3C68CD9A0B}.Debug-Lenovo|x86.Build.0 = Debug-Lenovo|Any CPU
		{86817EBE-CB51-4CCF-A5A3-1C3C68CD9A0B}.Release|Any CPU.ActiveCfg = Release|Any CPU
		{86817EBE-CB51-4CCF-A5A3-1C3C68CD9A0B}.Release|Any CPU.Build.0 = Release|Any CPU
		{86817EBE-CB51-4CCF-A5A3-1C3C68CD9A0B}.Release|ARM.ActiveCfg = Release|Any CPU
		{86817EBE-CB51-4CCF-A5A3-1C3C68CD9A0B}.Release|ARM.Build.0 = Release|Any CPU
		{86817EBE-CB51-4CCF-A5A3-1C3C68CD9A0B}.Release|x64.ActiveCfg = Release|Any CPU
		{86817EBE-CB51-4CCF-A5A3-1C3C68CD9A0B}.Release|x64.Build.0 = Release|Any CPU
		{86817EBE-CB51-4CCF-A5A3-1C3C68CD9A0B}.Release|x86.ActiveCfg = Release|Any CPU
		{86817EBE-CB51-4CCF-A5A3-1C3C68CD9A0B}.Release|x86.Build.0 = Release|Any CPU
		{86817EBE-CB51-4CCF-A5A3-1C3C68CD9A0B}.Release-40|Any CPU.ActiveCfg = Release|Any CPU
		{86817EBE-CB51-4CCF-A5A3-1C3C68CD9A0B}.Release-40|Any CPU.Build.0 = Release|Any CPU
		{86817EBE-CB51-4CCF-A5A3-1C3C68CD9A0B}.Release-40|ARM.ActiveCfg = Release-CP|Any CPU
		{86817EBE-CB51-4CCF-A5A3-1C3C68CD9A0B}.Release-40|ARM.Build.0 = Release-CP|Any CPU
		{86817EBE-CB51-4CCF-A5A3-1C3C68CD9A0B}.Release-40|x64.ActiveCfg = Release-CP|Any CPU
		{86817EBE-CB51-4CCF-A5A3-1C3C68CD9A0B}.Release-40|x64.Build.0 = Release-CP|Any CPU
		{86817EBE-CB51-4CCF-A5A3-1C3C68CD9A0B}.Release-40|x86.ActiveCfg = Release|Any CPU
		{86817EBE-CB51-4CCF-A5A3-1C3C68CD9A0B}.Release-40|x86.Build.0 = Release|Any CPU
		{86817EBE-CB51-4CCF-A5A3-1C3C68CD9A0B}.Release-45|Any CPU.ActiveCfg = Release|Any CPU
		{86817EBE-CB51-4CCF-A5A3-1C3C68CD9A0B}.Release-45|Any CPU.Build.0 = Release|Any CPU
		{86817EBE-CB51-4CCF-A5A3-1C3C68CD9A0B}.Release-45|ARM.ActiveCfg = Release-CP|Any CPU
		{86817EBE-CB51-4CCF-A5A3-1C3C68CD9A0B}.Release-45|ARM.Build.0 = Release-CP|Any CPU
		{86817EBE-CB51-4CCF-A5A3-1C3C68CD9A0B}.Release-45|x64.ActiveCfg = Release-CP|Any CPU
		{86817EBE-CB51-4CCF-A5A3-1C3C68CD9A0B}.Release-45|x64.Build.0 = Release-CP|Any CPU
		{86817EBE-CB51-4CCF-A5A3-1C3C68CD9A0B}.Release-45|x86.ActiveCfg = Release|Any CPU
		{86817EBE-CB51-4CCF-A5A3-1C3C68CD9A0B}.Release-45|x86.Build.0 = Release|Any CPU
		{86817EBE-CB51-4CCF-A5A3-1C3C68CD9A0B}.Release-CP|Any CPU.ActiveCfg = Release-CP|Any CPU
		{86817EBE-CB51-4CCF-A5A3-1C3C68CD9A0B}.Release-CP|Any CPU.Build.0 = Release-CP|Any CPU
		{86817EBE-CB51-4CCF-A5A3-1C3C68CD9A0B}.Release-CP|ARM.ActiveCfg = Release-CP|Any CPU
		{86817EBE-CB51-4CCF-A5A3-1C3C68CD9A0B}.Release-CP|ARM.Build.0 = Release-CP|Any CPU
		{86817EBE-CB51-4CCF-A5A3-1C3C68CD9A0B}.Release-CP|x64.ActiveCfg = Release-CP|Any CPU
		{86817EBE-CB51-4CCF-A5A3-1C3C68CD9A0B}.Release-CP|x64.Build.0 = Release-CP|Any CPU
		{86817EBE-CB51-4CCF-A5A3-1C3C68CD9A0B}.Release-CP|x86.ActiveCfg = Release-CP|Any CPU
		{86817EBE-CB51-4CCF-A5A3-1C3C68CD9A0B}.Release-CP|x86.Build.0 = Release-CP|Any CPU
		{08EA1952-3BDB-4EB5-8FC5-0842ABFCC40F}.Debug_Bosch|Any CPU.ActiveCfg = Debug_Bosch|Any CPU
		{08EA1952-3BDB-4EB5-8FC5-0842ABFCC40F}.Debug_Bosch|ARM.ActiveCfg = Debug_Bosch|Any CPU
		{08EA1952-3BDB-4EB5-8FC5-0842ABFCC40F}.Debug_Bosch|ARM.Build.0 = Debug_Bosch|Any CPU
		{08EA1952-3BDB-4EB5-8FC5-0842ABFCC40F}.Debug_Bosch|x64.ActiveCfg = Debug_Bosch|Any CPU
		{08EA1952-3BDB-4EB5-8FC5-0842ABFCC40F}.Debug_Bosch|x64.Build.0 = Debug_Bosch|Any CPU
		{08EA1952-3BDB-4EB5-8FC5-0842ABFCC40F}.Debug_Bosch|x86.ActiveCfg = Debug_Bosch|Any CPU
		{08EA1952-3BDB-4EB5-8FC5-0842ABFCC40F}.Debug_Bosch|x86.Build.0 = Debug_Bosch|Any CPU
		{08EA1952-3BDB-4EB5-8FC5-0842ABFCC40F}.Debug|Any CPU.ActiveCfg = Debug|Any CPU
		{08EA1952-3BDB-4EB5-8FC5-0842ABFCC40F}.Debug|Any CPU.Build.0 = Debug|Any CPU
		{08EA1952-3BDB-4EB5-8FC5-0842ABFCC40F}.Debug|ARM.ActiveCfg = Debug|Any CPU
		{08EA1952-3BDB-4EB5-8FC5-0842ABFCC40F}.Debug|ARM.Build.0 = Debug|Any CPU
		{08EA1952-3BDB-4EB5-8FC5-0842ABFCC40F}.Debug|x64.ActiveCfg = Debug|Any CPU
		{08EA1952-3BDB-4EB5-8FC5-0842ABFCC40F}.Debug|x64.Build.0 = Debug|Any CPU
		{08EA1952-3BDB-4EB5-8FC5-0842ABFCC40F}.Debug|x86.ActiveCfg = Debug|Any CPU
		{08EA1952-3BDB-4EB5-8FC5-0842ABFCC40F}.Debug|x86.Build.0 = Debug|Any CPU
		{08EA1952-3BDB-4EB5-8FC5-0842ABFCC40F}.Debug-40|Any CPU.ActiveCfg = Debug|Any CPU
		{08EA1952-3BDB-4EB5-8FC5-0842ABFCC40F}.Debug-40|Any CPU.Build.0 = Debug|Any CPU
		{08EA1952-3BDB-4EB5-8FC5-0842ABFCC40F}.Debug-40|ARM.ActiveCfg = Debug-Lenovo|Any CPU
		{08EA1952-3BDB-4EB5-8FC5-0842ABFCC40F}.Debug-40|ARM.Build.0 = Debug-Lenovo|Any CPU
		{08EA1952-3BDB-4EB5-8FC5-0842ABFCC40F}.Debug-40|x64.ActiveCfg = Debug-Lenovo|Any CPU
		{08EA1952-3BDB-4EB5-8FC5-0842ABFCC40F}.Debug-40|x64.Build.0 = Debug-Lenovo|Any CPU
		{08EA1952-3BDB-4EB5-8FC5-0842ABFCC40F}.Debug-40|x86.ActiveCfg = Debug|Any CPU
		{08EA1952-3BDB-4EB5-8FC5-0842ABFCC40F}.Debug-40|x86.Build.0 = Debug|Any CPU
		{08EA1952-3BDB-4EB5-8FC5-0842ABFCC40F}.Debug-45|Any CPU.ActiveCfg = Debug|Any CPU
		{08EA1952-3BDB-4EB5-8FC5-0842ABFCC40F}.Debug-45|Any CPU.Build.0 = Debug|Any CPU
		{08EA1952-3BDB-4EB5-8FC5-0842ABFCC40F}.Debug-45|ARM.ActiveCfg = Debug-Lenovo|Any CPU
		{08EA1952-3BDB-4EB5-8FC5-0842ABFCC40F}.Debug-45|ARM.Build.0 = Debug-Lenovo|Any CPU
		{08EA1952-3BDB-4EB5-8FC5-0842ABFCC40F}.Debug-45|x64.ActiveCfg = Debug-Lenovo|Any CPU
		{08EA1952-3BDB-4EB5-8FC5-0842ABFCC40F}.Debug-45|x64.Build.0 = Debug-Lenovo|Any CPU
		{08EA1952-3BDB-4EB5-8FC5-0842ABFCC40F}.Debug-45|x86.ActiveCfg = Debug|Any CPU
		{08EA1952-3BDB-4EB5-8FC5-0842ABFCC40F}.Debug-45|x86.Build.0 = Debug|Any CPU
		{08EA1952-3BDB-4EB5-8FC5-0842ABFCC40F}.Debug-Lenovo|Any CPU.ActiveCfg = Debug-Lenovo|Any CPU
		{08EA1952-3BDB-4EB5-8FC5-0842ABFCC40F}.Debug-Lenovo|ARM.ActiveCfg = Debug-Lenovo|Any CPU
		{08EA1952-3BDB-4EB5-8FC5-0842ABFCC40F}.Debug-Lenovo|ARM.Build.0 = Debug-Lenovo|Any CPU
		{08EA1952-3BDB-4EB5-8FC5-0842ABFCC40F}.Debug-Lenovo|x64.ActiveCfg = Debug-Lenovo|Any CPU
		{08EA1952-3BDB-4EB5-8FC5-0842ABFCC40F}.Debug-Lenovo|x64.Build.0 = Debug-Lenovo|Any CPU
		{08EA1952-3BDB-4EB5-8FC5-0842ABFCC40F}.Debug-Lenovo|x86.ActiveCfg = Debug-Lenovo|Any CPU
		{08EA1952-3BDB-4EB5-8FC5-0842ABFCC40F}.Debug-Lenovo|x86.Build.0 = Debug-Lenovo|Any CPU
		{08EA1952-3BDB-4EB5-8FC5-0842ABFCC40F}.Release|Any CPU.ActiveCfg = Release|Any CPU
		{08EA1952-3BDB-4EB5-8FC5-0842ABFCC40F}.Release|Any CPU.Build.0 = Release|Any CPU
		{08EA1952-3BDB-4EB5-8FC5-0842ABFCC40F}.Release|ARM.ActiveCfg = Release|Any CPU
		{08EA1952-3BDB-4EB5-8FC5-0842ABFCC40F}.Release|ARM.Build.0 = Release|Any CPU
		{08EA1952-3BDB-4EB5-8FC5-0842ABFCC40F}.Release|x64.ActiveCfg = Release|Any CPU
		{08EA1952-3BDB-4EB5-8FC5-0842ABFCC40F}.Release|x64.Build.0 = Release|Any CPU
		{08EA1952-3BDB-4EB5-8FC5-0842ABFCC40F}.Release|x86.ActiveCfg = Release|Any CPU
		{08EA1952-3BDB-4EB5-8FC5-0842ABFCC40F}.Release|x86.Build.0 = Release|Any CPU
		{08EA1952-3BDB-4EB5-8FC5-0842ABFCC40F}.Release-40|Any CPU.ActiveCfg = Release|Any CPU
		{08EA1952-3BDB-4EB5-8FC5-0842ABFCC40F}.Release-40|Any CPU.Build.0 = Release|Any CPU
		{08EA1952-3BDB-4EB5-8FC5-0842ABFCC40F}.Release-40|ARM.ActiveCfg = Release-CP|Any CPU
		{08EA1952-3BDB-4EB5-8FC5-0842ABFCC40F}.Release-40|ARM.Build.0 = Release-CP|Any CPU
		{08EA1952-3BDB-4EB5-8FC5-0842ABFCC40F}.Release-40|x64.ActiveCfg = Release-CP|Any CPU
		{08EA1952-3BDB-4EB5-8FC5-0842ABFCC40F}.Release-40|x64.Build.0 = Release-CP|Any CPU
		{08EA1952-3BDB-4EB5-8FC5-0842ABFCC40F}.Release-40|x86.ActiveCfg = Release|Any CPU
		{08EA1952-3BDB-4EB5-8FC5-0842ABFCC40F}.Release-40|x86.Build.0 = Release|Any CPU
		{08EA1952-3BDB-4EB5-8FC5-0842ABFCC40F}.Release-45|Any CPU.ActiveCfg = Release|Any CPU
		{08EA1952-3BDB-4EB5-8FC5-0842ABFCC40F}.Release-45|Any CPU.Build.0 = Release|Any CPU
		{08EA1952-3BDB-4EB5-8FC5-0842ABFCC40F}.Release-45|ARM.ActiveCfg = Release-CP|Any CPU
		{08EA1952-3BDB-4EB5-8FC5-0842ABFCC40F}.Release-45|ARM.Build.0 = Release-CP|Any CPU
		{08EA1952-3BDB-4EB5-8FC5-0842ABFCC40F}.Release-45|x64.ActiveCfg = Release-CP|Any CPU
		{08EA1952-3BDB-4EB5-8FC5-0842ABFCC40F}.Release-45|x64.Build.0 = Release-CP|Any CPU
		{08EA1952-3BDB-4EB5-8FC5-0842ABFCC40F}.Release-45|x86.ActiveCfg = Release|Any CPU
		{08EA1952-3BDB-4EB5-8FC5-0842ABFCC40F}.Release-45|x86.Build.0 = Release|Any CPU
		{08EA1952-3BDB-4EB5-8FC5-0842ABFCC40F}.Release-CP|Any CPU.ActiveCfg = Release-CP|Any CPU
		{08EA1952-3BDB-4EB5-8FC5-0842ABFCC40F}.Release-CP|Any CPU.Build.0 = Release-CP|Any CPU
		{08EA1952-3BDB-4EB5-8FC5-0842ABFCC40F}.Release-CP|ARM.ActiveCfg = Release-CP|Any CPU
		{08EA1952-3BDB-4EB5-8FC5-0842ABFCC40F}.Release-CP|ARM.Build.0 = Release-CP|Any CPU
		{08EA1952-3BDB-4EB5-8FC5-0842ABFCC40F}.Release-CP|x64.ActiveCfg = Release-CP|Any CPU
		{08EA1952-3BDB-4EB5-8FC5-0842ABFCC40F}.Release-CP|x64.Build.0 = Release-CP|Any CPU
		{08EA1952-3BDB-4EB5-8FC5-0842ABFCC40F}.Release-CP|x86.ActiveCfg = Release-CP|Any CPU
		{08EA1952-3BDB-4EB5-8FC5-0842ABFCC40F}.Release-CP|x86.Build.0 = Release-CP|Any CPU
		{026F6DEA-5F49-4CC1-92CD-6F3C28B220C9}.Debug_Bosch|Any CPU.ActiveCfg = Debug_Bosch|Any CPU
		{026F6DEA-5F49-4CC1-92CD-6F3C28B220C9}.Debug_Bosch|Any CPU.Build.0 = Debug_Bosch|Any CPU
		{026F6DEA-5F49-4CC1-92CD-6F3C28B220C9}.Debug_Bosch|ARM.ActiveCfg = Debug_Bosch|Any CPU
		{026F6DEA-5F49-4CC1-92CD-6F3C28B220C9}.Debug_Bosch|ARM.Build.0 = Debug_Bosch|Any CPU
		{026F6DEA-5F49-4CC1-92CD-6F3C28B220C9}.Debug_Bosch|x64.ActiveCfg = Debug_Bosch|Any CPU
		{026F6DEA-5F49-4CC1-92CD-6F3C28B220C9}.Debug_Bosch|x64.Build.0 = Debug_Bosch|Any CPU
		{026F6DEA-5F49-4CC1-92CD-6F3C28B220C9}.Debug_Bosch|x86.ActiveCfg = Debug_Bosch|Any CPU
		{026F6DEA-5F49-4CC1-92CD-6F3C28B220C9}.Debug_Bosch|x86.Build.0 = Debug_Bosch|Any CPU
		{026F6DEA-5F49-4CC1-92CD-6F3C28B220C9}.Debug|Any CPU.ActiveCfg = Debug|Any CPU
		{026F6DEA-5F49-4CC1-92CD-6F3C28B220C9}.Debug|Any CPU.Build.0 = Debug|Any CPU
		{026F6DEA-5F49-4CC1-92CD-6F3C28B220C9}.Debug|ARM.ActiveCfg = Debug|Any CPU
		{026F6DEA-5F49-4CC1-92CD-6F3C28B220C9}.Debug|ARM.Build.0 = Debug|Any CPU
		{026F6DEA-5F49-4CC1-92CD-6F3C28B220C9}.Debug|x64.ActiveCfg = Debug|Any CPU
		{026F6DEA-5F49-4CC1-92CD-6F3C28B220C9}.Debug|x64.Build.0 = Debug|Any CPU
		{026F6DEA-5F49-4CC1-92CD-6F3C28B220C9}.Debug|x86.ActiveCfg = Debug|Any CPU
		{026F6DEA-5F49-4CC1-92CD-6F3C28B220C9}.Debug|x86.Build.0 = Debug|Any CPU
		{026F6DEA-5F49-4CC1-92CD-6F3C28B220C9}.Debug-40|Any CPU.ActiveCfg = Debug-Lenovo|Any CPU
		{026F6DEA-5F49-4CC1-92CD-6F3C28B220C9}.Debug-40|Any CPU.Build.0 = Debug-Lenovo|Any CPU
		{026F6DEA-5F49-4CC1-92CD-6F3C28B220C9}.Debug-40|ARM.ActiveCfg = Debug-Lenovo|Any CPU
		{026F6DEA-5F49-4CC1-92CD-6F3C28B220C9}.Debug-40|ARM.Build.0 = Debug-Lenovo|Any CPU
		{026F6DEA-5F49-4CC1-92CD-6F3C28B220C9}.Debug-40|x64.ActiveCfg = Debug-Lenovo|Any CPU
		{026F6DEA-5F49-4CC1-92CD-6F3C28B220C9}.Debug-40|x64.Build.0 = Debug-Lenovo|Any CPU
		{026F6DEA-5F49-4CC1-92CD-6F3C28B220C9}.Debug-40|x86.ActiveCfg = Debug-Lenovo|Any CPU
		{026F6DEA-5F49-4CC1-92CD-6F3C28B220C9}.Debug-40|x86.Build.0 = Debug-Lenovo|Any CPU
		{026F6DEA-5F49-4CC1-92CD-6F3C28B220C9}.Debug-45|Any CPU.ActiveCfg = Debug-Lenovo|Any CPU
		{026F6DEA-5F49-4CC1-92CD-6F3C28B220C9}.Debug-45|Any CPU.Build.0 = Debug-Lenovo|Any CPU
		{026F6DEA-5F49-4CC1-92CD-6F3C28B220C9}.Debug-45|ARM.ActiveCfg = Debug-Lenovo|Any CPU
		{026F6DEA-5F49-4CC1-92CD-6F3C28B220C9}.Debug-45|ARM.Build.0 = Debug-Lenovo|Any CPU
		{026F6DEA-5F49-4CC1-92CD-6F3C28B220C9}.Debug-45|x64.ActiveCfg = Debug-Lenovo|Any CPU
		{026F6DEA-5F49-4CC1-92CD-6F3C28B220C9}.Debug-45|x64.Build.0 = Debug-Lenovo|Any CPU
		{026F6DEA-5F49-4CC1-92CD-6F3C28B220C9}.Debug-45|x86.ActiveCfg = Debug-Lenovo|Any CPU
		{026F6DEA-5F49-4CC1-92CD-6F3C28B220C9}.Debug-45|x86.Build.0 = Debug-Lenovo|Any CPU
		{026F6DEA-5F49-4CC1-92CD-6F3C28B220C9}.Debug-Lenovo|Any CPU.ActiveCfg = Debug-Lenovo|Any CPU
		{026F6DEA-5F49-4CC1-92CD-6F3C28B220C9}.Debug-Lenovo|Any CPU.Build.0 = Debug-Lenovo|Any CPU
		{026F6DEA-5F49-4CC1-92CD-6F3C28B220C9}.Debug-Lenovo|ARM.ActiveCfg = Debug-Lenovo|Any CPU
		{026F6DEA-5F49-4CC1-92CD-6F3C28B220C9}.Debug-Lenovo|ARM.Build.0 = Debug-Lenovo|Any CPU
		{026F6DEA-5F49-4CC1-92CD-6F3C28B220C9}.Debug-Lenovo|x64.ActiveCfg = Debug-Lenovo|Any CPU
		{026F6DEA-5F49-4CC1-92CD-6F3C28B220C9}.Debug-Lenovo|x64.Build.0 = Debug-Lenovo|Any CPU
		{026F6DEA-5F49-4CC1-92CD-6F3C28B220C9}.Debug-Lenovo|x86.ActiveCfg = Debug-Lenovo|Any CPU
		{026F6DEA-5F49-4CC1-92CD-6F3C28B220C9}.Debug-Lenovo|x86.Build.0 = Debug-Lenovo|Any CPU
		{026F6DEA-5F49-4CC1-92CD-6F3C28B220C9}.Release|Any CPU.ActiveCfg = Release|Any CPU
		{026F6DEA-5F49-4CC1-92CD-6F3C28B220C9}.Release|Any CPU.Build.0 = Release|Any CPU
		{026F6DEA-5F49-4CC1-92CD-6F3C28B220C9}.Release|ARM.ActiveCfg = Release|Any CPU
		{026F6DEA-5F49-4CC1-92CD-6F3C28B220C9}.Release|ARM.Build.0 = Release|Any CPU
		{026F6DEA-5F49-4CC1-92CD-6F3C28B220C9}.Release|x64.ActiveCfg = Release|Any CPU
		{026F6DEA-5F49-4CC1-92CD-6F3C28B220C9}.Release|x64.Build.0 = Release|Any CPU
		{026F6DEA-5F49-4CC1-92CD-6F3C28B220C9}.Release|x86.ActiveCfg = Release|Any CPU
		{026F6DEA-5F49-4CC1-92CD-6F3C28B220C9}.Release|x86.Build.0 = Release|Any CPU
		{026F6DEA-5F49-4CC1-92CD-6F3C28B220C9}.Release-40|Any CPU.ActiveCfg = Release-CP|Any CPU
		{026F6DEA-5F49-4CC1-92CD-6F3C28B220C9}.Release-40|Any CPU.Build.0 = Release-CP|Any CPU
		{026F6DEA-5F49-4CC1-92CD-6F3C28B220C9}.Release-40|ARM.ActiveCfg = Release-CP|Any CPU
		{026F6DEA-5F49-4CC1-92CD-6F3C28B220C9}.Release-40|ARM.Build.0 = Release-CP|Any CPU
		{026F6DEA-5F49-4CC1-92CD-6F3C28B220C9}.Release-40|x64.ActiveCfg = Release-CP|Any CPU
		{026F6DEA-5F49-4CC1-92CD-6F3C28B220C9}.Release-40|x64.Build.0 = Release-CP|Any CPU
		{026F6DEA-5F49-4CC1-92CD-6F3C28B220C9}.Release-40|x86.ActiveCfg = Release-CP|Any CPU
		{026F6DEA-5F49-4CC1-92CD-6F3C28B220C9}.Release-40|x86.Build.0 = Release-CP|Any CPU
		{026F6DEA-5F49-4CC1-92CD-6F3C28B220C9}.Release-45|Any CPU.ActiveCfg = Release-CP|Any CPU
		{026F6DEA-5F49-4CC1-92CD-6F3C28B220C9}.Release-45|Any CPU.Build.0 = Release-CP|Any CPU
		{026F6DEA-5F49-4CC1-92CD-6F3C28B220C9}.Release-45|ARM.ActiveCfg = Release-CP|Any CPU
		{026F6DEA-5F49-4CC1-92CD-6F3C28B220C9}.Release-45|ARM.Build.0 = Release-CP|Any CPU
		{026F6DEA-5F49-4CC1-92CD-6F3C28B220C9}.Release-45|x64.ActiveCfg = Release-CP|Any CPU
		{026F6DEA-5F49-4CC1-92CD-6F3C28B220C9}.Release-45|x64.Build.0 = Release-CP|Any CPU
		{026F6DEA-5F49-4CC1-92CD-6F3C28B220C9}.Release-45|x86.ActiveCfg = Release-CP|Any CPU
		{026F6DEA-5F49-4CC1-92CD-6F3C28B220C9}.Release-45|x86.Build.0 = Release-CP|Any CPU
		{026F6DEA-5F49-4CC1-92CD-6F3C28B220C9}.Release-CP|Any CPU.ActiveCfg = Release-CP|Any CPU
		{026F6DEA-5F49-4CC1-92CD-6F3C28B220C9}.Release-CP|Any CPU.Build.0 = Release-CP|Any CPU
		{026F6DEA-5F49-4CC1-92CD-6F3C28B220C9}.Release-CP|ARM.ActiveCfg = Release-CP|Any CPU
		{026F6DEA-5F49-4CC1-92CD-6F3C28B220C9}.Release-CP|ARM.Build.0 = Release-CP|Any CPU
		{026F6DEA-5F49-4CC1-92CD-6F3C28B220C9}.Release-CP|x64.ActiveCfg = Release-CP|Any CPU
		{026F6DEA-5F49-4CC1-92CD-6F3C28B220C9}.Release-CP|x64.Build.0 = Release-CP|Any CPU
		{026F6DEA-5F49-4CC1-92CD-6F3C28B220C9}.Release-CP|x86.ActiveCfg = Release-CP|Any CPU
		{026F6DEA-5F49-4CC1-92CD-6F3C28B220C9}.Release-CP|x86.Build.0 = Release-CP|Any CPU
		{5ED944F7-5B96-43C3-B957-E3305E6264DC}.Debug_Bosch|Any CPU.ActiveCfg = Debug|Any CPU
		{5ED944F7-5B96-43C3-B957-E3305E6264DC}.Debug_Bosch|Any CPU.Build.0 = Debug|Any CPU
		{5ED944F7-5B96-43C3-B957-E3305E6264DC}.Debug_Bosch|ARM.ActiveCfg = Debug|Any CPU
		{5ED944F7-5B96-43C3-B957-E3305E6264DC}.Debug_Bosch|ARM.Build.0 = Debug|Any CPU
		{5ED944F7-5B96-43C3-B957-E3305E6264DC}.Debug_Bosch|x64.ActiveCfg = Debug|Any CPU
		{5ED944F7-5B96-43C3-B957-E3305E6264DC}.Debug_Bosch|x64.Build.0 = Debug|Any CPU
		{5ED944F7-5B96-43C3-B957-E3305E6264DC}.Debug_Bosch|x86.ActiveCfg = Debug|Any CPU
		{5ED944F7-5B96-43C3-B957-E3305E6264DC}.Debug_Bosch|x86.Build.0 = Debug|Any CPU
		{5ED944F7-5B96-43C3-B957-E3305E6264DC}.Debug|Any CPU.ActiveCfg = Debug|Any CPU
		{5ED944F7-5B96-43C3-B957-E3305E6264DC}.Debug|Any CPU.Build.0 = Debug|Any CPU
		{5ED944F7-5B96-43C3-B957-E3305E6264DC}.Debug|ARM.ActiveCfg = Debug|Any CPU
		{5ED944F7-5B96-43C3-B957-E3305E6264DC}.Debug|ARM.Build.0 = Debug|Any CPU
		{5ED944F7-5B96-43C3-B957-E3305E6264DC}.Debug|x64.ActiveCfg = Debug|Any CPU
		{5ED944F7-5B96-43C3-B957-E3305E6264DC}.Debug|x64.Build.0 = Debug|Any CPU
		{5ED944F7-5B96-43C3-B957-E3305E6264DC}.Debug|x86.ActiveCfg = Debug|Any CPU
		{5ED944F7-5B96-43C3-B957-E3305E6264DC}.Debug|x86.Build.0 = Debug|Any CPU
		{5ED944F7-5B96-43C3-B957-E3305E6264DC}.Debug-40|Any CPU.ActiveCfg = Debug|Any CPU
		{5ED944F7-5B96-43C3-B957-E3305E6264DC}.Debug-40|Any CPU.Build.0 = Debug|Any CPU
		{5ED944F7-5B96-43C3-B957-E3305E6264DC}.Debug-40|ARM.ActiveCfg = Debug|Any CPU
		{5ED944F7-5B96-43C3-B957-E3305E6264DC}.Debug-40|ARM.Build.0 = Debug|Any CPU
		{5ED944F7-5B96-43C3-B957-E3305E6264DC}.Debug-40|x64.ActiveCfg = Debug|Any CPU
		{5ED944F7-5B96-43C3-B957-E3305E6264DC}.Debug-40|x64.Build.0 = Debug|Any CPU
		{5ED944F7-5B96-43C3-B957-E3305E6264DC}.Debug-40|x86.ActiveCfg = Debug|Any CPU
		{5ED944F7-5B96-43C3-B957-E3305E6264DC}.Debug-40|x86.Build.0 = Debug|Any CPU
		{5ED944F7-5B96-43C3-B957-E3305E6264DC}.Debug-45|Any CPU.ActiveCfg = Debug|Any CPU
		{5ED944F7-5B96-43C3-B957-E3305E6264DC}.Debug-45|Any CPU.Build.0 = Debug|Any CPU
		{5ED944F7-5B96-43C3-B957-E3305E6264DC}.Debug-45|ARM.ActiveCfg = Debug|Any CPU
		{5ED944F7-5B96-43C3-B957-E3305E6264DC}.Debug-45|ARM.Build.0 = Debug|Any CPU
		{5ED944F7-5B96-43C3-B957-E3305E6264DC}.Debug-45|x64.ActiveCfg = Debug|Any CPU
		{5ED944F7-5B96-43C3-B957-E3305E6264DC}.Debug-45|x64.Build.0 = Debug|Any CPU
		{5ED944F7-5B96-43C3-B957-E3305E6264DC}.Debug-45|x86.ActiveCfg = Debug|Any CPU
		{5ED944F7-5B96-43C3-B957-E3305E6264DC}.Debug-45|x86.Build.0 = Debug|Any CPU
		{5ED944F7-5B96-43C3-B957-E3305E6264DC}.Debug-Lenovo|Any CPU.ActiveCfg = Debug|Any CPU
		{5ED944F7-5B96-43C3-B957-E3305E6264DC}.Debug-Lenovo|Any CPU.Build.0 = Debug|Any CPU
		{5ED944F7-5B96-43C3-B957-E3305E6264DC}.Debug-Lenovo|ARM.ActiveCfg = Debug|Any CPU
		{5ED944F7-5B96-43C3-B957-E3305E6264DC}.Debug-Lenovo|ARM.Build.0 = Debug|Any CPU
		{5ED944F7-5B96-43C3-B957-E3305E6264DC}.Debug-Lenovo|x64.ActiveCfg = Debug|Any CPU
		{5ED944F7-5B96-43C3-B957-E3305E6264DC}.Debug-Lenovo|x64.Build.0 = Debug|Any CPU
		{5ED944F7-5B96-43C3-B957-E3305E6264DC}.Debug-Lenovo|x86.ActiveCfg = Debug|Any CPU
		{5ED944F7-5B96-43C3-B957-E3305E6264DC}.Debug-Lenovo|x86.Build.0 = Debug|Any CPU
		{5ED944F7-5B96-43C3-B957-E3305E6264DC}.Release|Any CPU.ActiveCfg = Release|Any CPU
		{5ED944F7-5B96-43C3-B957-E3305E6264DC}.Release|Any CPU.Build.0 = Release|Any CPU
		{5ED944F7-5B96-43C3-B957-E3305E6264DC}.Release|ARM.ActiveCfg = Release|Any CPU
		{5ED944F7-5B96-43C3-B957-E3305E6264DC}.Release|ARM.Build.0 = Release|Any CPU
		{5ED944F7-5B96-43C3-B957-E3305E6264DC}.Release|x64.ActiveCfg = Release|Any CPU
		{5ED944F7-5B96-43C3-B957-E3305E6264DC}.Release|x64.Build.0 = Release|Any CPU
		{5ED944F7-5B96-43C3-B957-E3305E6264DC}.Release|x86.ActiveCfg = Release|Any CPU
		{5ED944F7-5B96-43C3-B957-E3305E6264DC}.Release|x86.Build.0 = Release|Any CPU
		{5ED944F7-5B96-43C3-B957-E3305E6264DC}.Release-40|Any CPU.ActiveCfg = Release|Any CPU
		{5ED944F7-5B96-43C3-B957-E3305E6264DC}.Release-40|Any CPU.Build.0 = Release|Any CPU
		{5ED944F7-5B96-43C3-B957-E3305E6264DC}.Release-40|ARM.ActiveCfg = Release|Any CPU
		{5ED944F7-5B96-43C3-B957-E3305E6264DC}.Release-40|ARM.Build.0 = Release|Any CPU
		{5ED944F7-5B96-43C3-B957-E3305E6264DC}.Release-40|x64.ActiveCfg = Release|Any CPU
		{5ED944F7-5B96-43C3-B957-E3305E6264DC}.Release-40|x64.Build.0 = Release|Any CPU
		{5ED944F7-5B96-43C3-B957-E3305E6264DC}.Release-40|x86.ActiveCfg = Release|Any CPU
		{5ED944F7-5B96-43C3-B957-E3305E6264DC}.Release-40|x86.Build.0 = Release|Any CPU
		{5ED944F7-5B96-43C3-B957-E3305E6264DC}.Release-45|Any CPU.ActiveCfg = Release|Any CPU
		{5ED944F7-5B96-43C3-B957-E3305E6264DC}.Release-45|Any CPU.Build.0 = Release|Any CPU
		{5ED944F7-5B96-43C3-B957-E3305E6264DC}.Release-45|ARM.ActiveCfg = Release|Any CPU
		{5ED944F7-5B96-43C3-B957-E3305E6264DC}.Release-45|ARM.Build.0 = Release|Any CPU
		{5ED944F7-5B96-43C3-B957-E3305E6264DC}.Release-45|x64.ActiveCfg = Release|Any CPU
		{5ED944F7-5B96-43C3-B957-E3305E6264DC}.Release-45|x64.Build.0 = Release|Any CPU
		{5ED944F7-5B96-43C3-B957-E3305E6264DC}.Release-45|x86.ActiveCfg = Release|Any CPU
		{5ED944F7-5B96-43C3-B957-E3305E6264DC}.Release-45|x86.Build.0 = Release|Any CPU
		{5ED944F7-5B96-43C3-B957-E3305E6264DC}.Release-CP|Any CPU.ActiveCfg = Release|Any CPU
		{5ED944F7-5B96-43C3-B957-E3305E6264DC}.Release-CP|Any CPU.Build.0 = Release|Any CPU
		{5ED944F7-5B96-43C3-B957-E3305E6264DC}.Release-CP|ARM.ActiveCfg = Release|Any CPU
		{5ED944F7-5B96-43C3-B957-E3305E6264DC}.Release-CP|ARM.Build.0 = Release|Any CPU
		{5ED944F7-5B96-43C3-B957-E3305E6264DC}.Release-CP|x64.ActiveCfg = Release|Any CPU
		{5ED944F7-5B96-43C3-B957-E3305E6264DC}.Release-CP|x64.Build.0 = Release|Any CPU
		{5ED944F7-5B96-43C3-B957-E3305E6264DC}.Release-CP|x86.ActiveCfg = Release|Any CPU
		{5ED944F7-5B96-43C3-B957-E3305E6264DC}.Release-CP|x86.Build.0 = Release|Any CPU
		{A0D08573-1EC0-40CA-8B94-8FE8870283BF}.Debug_Bosch|Any CPU.ActiveCfg = Debug|Any CPU
		{A0D08573-1EC0-40CA-8B94-8FE8870283BF}.Debug_Bosch|Any CPU.Build.0 = Debug|Any CPU
		{A0D08573-1EC0-40CA-8B94-8FE8870283BF}.Debug_Bosch|ARM.ActiveCfg = Debug|Any CPU
		{A0D08573-1EC0-40CA-8B94-8FE8870283BF}.Debug_Bosch|ARM.Build.0 = Debug|Any CPU
		{A0D08573-1EC0-40CA-8B94-8FE8870283BF}.Debug_Bosch|x64.ActiveCfg = Debug|Any CPU
		{A0D08573-1EC0-40CA-8B94-8FE8870283BF}.Debug_Bosch|x64.Build.0 = Debug|Any CPU
		{A0D08573-1EC0-40CA-8B94-8FE8870283BF}.Debug_Bosch|x86.ActiveCfg = Debug|Any CPU
		{A0D08573-1EC0-40CA-8B94-8FE8870283BF}.Debug_Bosch|x86.Build.0 = Debug|Any CPU
		{A0D08573-1EC0-40CA-8B94-8FE8870283BF}.Debug|Any CPU.ActiveCfg = Debug|Any CPU
		{A0D08573-1EC0-40CA-8B94-8FE8870283BF}.Debug|Any CPU.Build.0 = Debug|Any CPU
		{A0D08573-1EC0-40CA-8B94-8FE8870283BF}.Debug|ARM.ActiveCfg = Debug|Any CPU
		{A0D08573-1EC0-40CA-8B94-8FE8870283BF}.Debug|ARM.Build.0 = Debug|Any CPU
		{A0D08573-1EC0-40CA-8B94-8FE8870283BF}.Debug|x64.ActiveCfg = Debug|Any CPU
		{A0D08573-1EC0-40CA-8B94-8FE8870283BF}.Debug|x64.Build.0 = Debug|Any CPU
		{A0D08573-1EC0-40CA-8B94-8FE8870283BF}.Debug|x86.ActiveCfg = Debug|Any CPU
		{A0D08573-1EC0-40CA-8B94-8FE8870283BF}.Debug|x86.Build.0 = Debug|Any CPU
		{A0D08573-1EC0-40CA-8B94-8FE8870283BF}.Debug-40|Any CPU.ActiveCfg = Debug|Any CPU
		{A0D08573-1EC0-40CA-8B94-8FE8870283BF}.Debug-40|Any CPU.Build.0 = Debug|Any CPU
		{A0D08573-1EC0-40CA-8B94-8FE8870283BF}.Debug-40|ARM.ActiveCfg = Debug|Any CPU
		{A0D08573-1EC0-40CA-8B94-8FE8870283BF}.Debug-40|ARM.Build.0 = Debug|Any CPU
		{A0D08573-1EC0-40CA-8B94-8FE8870283BF}.Debug-40|x64.ActiveCfg = Debug|Any CPU
		{A0D08573-1EC0-40CA-8B94-8FE8870283BF}.Debug-40|x64.Build.0 = Debug|Any CPU
		{A0D08573-1EC0-40CA-8B94-8FE8870283BF}.Debug-40|x86.ActiveCfg = Debug|Any CPU
		{A0D08573-1EC0-40CA-8B94-8FE8870283BF}.Debug-40|x86.Build.0 = Debug|Any CPU
		{A0D08573-1EC0-40CA-8B94-8FE8870283BF}.Debug-45|Any CPU.ActiveCfg = Debug|Any CPU
		{A0D08573-1EC0-40CA-8B94-8FE8870283BF}.Debug-45|Any CPU.Build.0 = Debug|Any CPU
		{A0D08573-1EC0-40CA-8B94-8FE8870283BF}.Debug-45|ARM.ActiveCfg = Debug|Any CPU
		{A0D08573-1EC0-40CA-8B94-8FE8870283BF}.Debug-45|ARM.Build.0 = Debug|Any CPU
		{A0D08573-1EC0-40CA-8B94-8FE8870283BF}.Debug-45|x64.ActiveCfg = Debug|Any CPU
		{A0D08573-1EC0-40CA-8B94-8FE8870283BF}.Debug-45|x64.Build.0 = Debug|Any CPU
		{A0D08573-1EC0-40CA-8B94-8FE8870283BF}.Debug-45|x86.ActiveCfg = Debug|Any CPU
		{A0D08573-1EC0-40CA-8B94-8FE8870283BF}.Debug-45|x86.Build.0 = Debug|Any CPU
		{A0D08573-1EC0-40CA-8B94-8FE8870283BF}.Debug-Lenovo|Any CPU.ActiveCfg = Debug|Any CPU
		{A0D08573-1EC0-40CA-8B94-8FE8870283BF}.Debug-Lenovo|Any CPU.Build.0 = Debug|Any CPU
		{A0D08573-1EC0-40CA-8B94-8FE8870283BF}.Debug-Lenovo|ARM.ActiveCfg = Debug|Any CPU
		{A0D08573-1EC0-40CA-8B94-8FE8870283BF}.Debug-Lenovo|ARM.Build.0 = Debug|Any CPU
		{A0D08573-1EC0-40CA-8B94-8FE8870283BF}.Debug-Lenovo|x64.ActiveCfg = Debug|Any CPU
		{A0D08573-1EC0-40CA-8B94-8FE8870283BF}.Debug-Lenovo|x64.Build.0 = Debug|Any CPU
		{A0D08573-1EC0-40CA-8B94-8FE8870283BF}.Debug-Lenovo|x86.ActiveCfg = Debug|Any CPU
		{A0D08573-1EC0-40CA-8B94-8FE8870283BF}.Debug-Lenovo|x86.Build.0 = Debug|Any CPU
		{A0D08573-1EC0-40CA-8B94-8FE8870283BF}.Release|Any CPU.ActiveCfg = Release|Any CPU
		{A0D08573-1EC0-40CA-8B94-8FE8870283BF}.Release|Any CPU.Build.0 = Release|Any CPU
		{A0D08573-1EC0-40CA-8B94-8FE8870283BF}.Release|ARM.ActiveCfg = Release|Any CPU
		{A0D08573-1EC0-40CA-8B94-8FE8870283BF}.Release|ARM.Build.0 = Release|Any CPU
		{A0D08573-1EC0-40CA-8B94-8FE8870283BF}.Release|x64.ActiveCfg = Release|Any CPU
		{A0D08573-1EC0-40CA-8B94-8FE8870283BF}.Release|x64.Build.0 = Release|Any CPU
		{A0D08573-1EC0-40CA-8B94-8FE8870283BF}.Release|x86.ActiveCfg = Release|Any CPU
		{A0D08573-1EC0-40CA-8B94-8FE8870283BF}.Release|x86.Build.0 = Release|Any CPU
		{A0D08573-1EC0-40CA-8B94-8FE8870283BF}.Release-40|Any CPU.ActiveCfg = Release|Any CPU
		{A0D08573-1EC0-40CA-8B94-8FE8870283BF}.Release-40|Any CPU.Build.0 = Release|Any CPU
		{A0D08573-1EC0-40CA-8B94-8FE8870283BF}.Release-40|ARM.ActiveCfg = Release|Any CPU
		{A0D08573-1EC0-40CA-8B94-8FE8870283BF}.Release-40|ARM.Build.0 = Release|Any CPU
		{A0D08573-1EC0-40CA-8B94-8FE8870283BF}.Release-40|x64.ActiveCfg = Release|Any CPU
		{A0D08573-1EC0-40CA-8B94-8FE8870283BF}.Release-40|x64.Build.0 = Release|Any CPU
		{A0D08573-1EC0-40CA-8B94-8FE8870283BF}.Release-40|x86.ActiveCfg = Release|Any CPU
		{A0D08573-1EC0-40CA-8B94-8FE8870283BF}.Release-40|x86.Build.0 = Release|Any CPU
		{A0D08573-1EC0-40CA-8B94-8FE8870283BF}.Release-45|Any CPU.ActiveCfg = Release|Any CPU
		{A0D08573-1EC0-40CA-8B94-8FE8870283BF}.Release-45|Any CPU.Build.0 = Release|Any CPU
		{A0D08573-1EC0-40CA-8B94-8FE8870283BF}.Release-45|ARM.ActiveCfg = Release|Any CPU
		{A0D08573-1EC0-40CA-8B94-8FE8870283BF}.Release-45|ARM.Build.0 = Release|Any CPU
		{A0D08573-1EC0-40CA-8B94-8FE8870283BF}.Release-45|x64.ActiveCfg = Release|Any CPU
		{A0D08573-1EC0-40CA-8B94-8FE8870283BF}.Release-45|x64.Build.0 = Release|Any CPU
		{A0D08573-1EC0-40CA-8B94-8FE8870283BF}.Release-45|x86.ActiveCfg = Release|Any CPU
		{A0D08573-1EC0-40CA-8B94-8FE8870283BF}.Release-45|x86.Build.0 = Release|Any CPU
		{A0D08573-1EC0-40CA-8B94-8FE8870283BF}.Release-CP|Any CPU.ActiveCfg = Release|Any CPU
		{A0D08573-1EC0-40CA-8B94-8FE8870283BF}.Release-CP|Any CPU.Build.0 = Release|Any CPU
		{A0D08573-1EC0-40CA-8B94-8FE8870283BF}.Release-CP|ARM.ActiveCfg = Release|Any CPU
		{A0D08573-1EC0-40CA-8B94-8FE8870283BF}.Release-CP|ARM.Build.0 = Release|Any CPU
		{A0D08573-1EC0-40CA-8B94-8FE8870283BF}.Release-CP|x64.ActiveCfg = Release|Any CPU
		{A0D08573-1EC0-40CA-8B94-8FE8870283BF}.Release-CP|x64.Build.0 = Release|Any CPU
		{A0D08573-1EC0-40CA-8B94-8FE8870283BF}.Release-CP|x86.ActiveCfg = Release|Any CPU
		{A0D08573-1EC0-40CA-8B94-8FE8870283BF}.Release-CP|x86.Build.0 = Release|Any CPU
		{A84B6DC2-1439-4D8B-8F43-186B78F5DFD3}.Debug_Bosch|Any CPU.ActiveCfg = Debug|Any CPU
		{A84B6DC2-1439-4D8B-8F43-186B78F5DFD3}.Debug_Bosch|Any CPU.Build.0 = Debug|Any CPU
		{A84B6DC2-1439-4D8B-8F43-186B78F5DFD3}.Debug_Bosch|ARM.ActiveCfg = Debug|Any CPU
		{A84B6DC2-1439-4D8B-8F43-186B78F5DFD3}.Debug_Bosch|ARM.Build.0 = Debug|Any CPU
		{A84B6DC2-1439-4D8B-8F43-186B78F5DFD3}.Debug_Bosch|x64.ActiveCfg = Debug|Any CPU
		{A84B6DC2-1439-4D8B-8F43-186B78F5DFD3}.Debug_Bosch|x64.Build.0 = Debug|Any CPU
		{A84B6DC2-1439-4D8B-8F43-186B78F5DFD3}.Debug_Bosch|x86.ActiveCfg = Debug|Any CPU
		{A84B6DC2-1439-4D8B-8F43-186B78F5DFD3}.Debug_Bosch|x86.Build.0 = Debug|Any CPU
		{A84B6DC2-1439-4D8B-8F43-186B78F5DFD3}.Debug|Any CPU.ActiveCfg = Debug|Any CPU
		{A84B6DC2-1439-4D8B-8F43-186B78F5DFD3}.Debug|Any CPU.Build.0 = Debug|Any CPU
		{A84B6DC2-1439-4D8B-8F43-186B78F5DFD3}.Debug|ARM.ActiveCfg = Debug|Any CPU
		{A84B6DC2-1439-4D8B-8F43-186B78F5DFD3}.Debug|ARM.Build.0 = Debug|Any CPU
		{A84B6DC2-1439-4D8B-8F43-186B78F5DFD3}.Debug|x64.ActiveCfg = Debug|Any CPU
		{A84B6DC2-1439-4D8B-8F43-186B78F5DFD3}.Debug|x64.Build.0 = Debug|Any CPU
		{A84B6DC2-1439-4D8B-8F43-186B78F5DFD3}.Debug|x86.ActiveCfg = Debug|Any CPU
		{A84B6DC2-1439-4D8B-8F43-186B78F5DFD3}.Debug|x86.Build.0 = Debug|Any CPU
		{A84B6DC2-1439-4D8B-8F43-186B78F5DFD3}.Debug-40|Any CPU.ActiveCfg = Debug|Any CPU
		{A84B6DC2-1439-4D8B-8F43-186B78F5DFD3}.Debug-40|Any CPU.Build.0 = Debug|Any CPU
		{A84B6DC2-1439-4D8B-8F43-186B78F5DFD3}.Debug-40|ARM.ActiveCfg = Debug|Any CPU
		{A84B6DC2-1439-4D8B-8F43-186B78F5DFD3}.Debug-40|ARM.Build.0 = Debug|Any CPU
		{A84B6DC2-1439-4D8B-8F43-186B78F5DFD3}.Debug-40|x64.ActiveCfg = Debug|Any CPU
		{A84B6DC2-1439-4D8B-8F43-186B78F5DFD3}.Debug-40|x64.Build.0 = Debug|Any CPU
		{A84B6DC2-1439-4D8B-8F43-186B78F5DFD3}.Debug-40|x86.ActiveCfg = Debug|Any CPU
		{A84B6DC2-1439-4D8B-8F43-186B78F5DFD3}.Debug-40|x86.Build.0 = Debug|Any CPU
		{A84B6DC2-1439-4D8B-8F43-186B78F5DFD3}.Debug-45|Any CPU.ActiveCfg = Debug|Any CPU
		{A84B6DC2-1439-4D8B-8F43-186B78F5DFD3}.Debug-45|Any CPU.Build.0 = Debug|Any CPU
		{A84B6DC2-1439-4D8B-8F43-186B78F5DFD3}.Debug-45|ARM.ActiveCfg = Debug|Any CPU
		{A84B6DC2-1439-4D8B-8F43-186B78F5DFD3}.Debug-45|ARM.Build.0 = Debug|Any CPU
		{A84B6DC2-1439-4D8B-8F43-186B78F5DFD3}.Debug-45|x64.ActiveCfg = Debug|Any CPU
		{A84B6DC2-1439-4D8B-8F43-186B78F5DFD3}.Debug-45|x64.Build.0 = Debug|Any CPU
		{A84B6DC2-1439-4D8B-8F43-186B78F5DFD3}.Debug-45|x86.ActiveCfg = Debug|Any CPU
		{A84B6DC2-1439-4D8B-8F43-186B78F5DFD3}.Debug-45|x86.Build.0 = Debug|Any CPU
		{A84B6DC2-1439-4D8B-8F43-186B78F5DFD3}.Debug-Lenovo|Any CPU.ActiveCfg = Debug|Any CPU
		{A84B6DC2-1439-4D8B-8F43-186B78F5DFD3}.Debug-Lenovo|Any CPU.Build.0 = Debug|Any CPU
		{A84B6DC2-1439-4D8B-8F43-186B78F5DFD3}.Debug-Lenovo|ARM.ActiveCfg = Debug|Any CPU
		{A84B6DC2-1439-4D8B-8F43-186B78F5DFD3}.Debug-Lenovo|ARM.Build.0 = Debug|Any CPU
		{A84B6DC2-1439-4D8B-8F43-186B78F5DFD3}.Debug-Lenovo|x64.ActiveCfg = Debug|Any CPU
		{A84B6DC2-1439-4D8B-8F43-186B78F5DFD3}.Debug-Lenovo|x64.Build.0 = Debug|Any CPU
		{A84B6DC2-1439-4D8B-8F43-186B78F5DFD3}.Debug-Lenovo|x86.ActiveCfg = Debug|Any CPU
		{A84B6DC2-1439-4D8B-8F43-186B78F5DFD3}.Debug-Lenovo|x86.Build.0 = Debug|Any CPU
		{A84B6DC2-1439-4D8B-8F43-186B78F5DFD3}.Release|Any CPU.ActiveCfg = Release|Any CPU
		{A84B6DC2-1439-4D8B-8F43-186B78F5DFD3}.Release|Any CPU.Build.0 = Release|Any CPU
		{A84B6DC2-1439-4D8B-8F43-186B78F5DFD3}.Release|ARM.ActiveCfg = Release|Any CPU
		{A84B6DC2-1439-4D8B-8F43-186B78F5DFD3}.Release|ARM.Build.0 = Release|Any CPU
		{A84B6DC2-1439-4D8B-8F43-186B78F5DFD3}.Release|x64.ActiveCfg = Release|Any CPU
		{A84B6DC2-1439-4D8B-8F43-186B78F5DFD3}.Release|x64.Build.0 = Release|Any CPU
		{A84B6DC2-1439-4D8B-8F43-186B78F5DFD3}.Release|x86.ActiveCfg = Release|Any CPU
		{A84B6DC2-1439-4D8B-8F43-186B78F5DFD3}.Release|x86.Build.0 = Release|Any CPU
		{A84B6DC2-1439-4D8B-8F43-186B78F5DFD3}.Release-40|Any CPU.ActiveCfg = Release|Any CPU
		{A84B6DC2-1439-4D8B-8F43-186B78F5DFD3}.Release-40|Any CPU.Build.0 = Release|Any CPU
		{A84B6DC2-1439-4D8B-8F43-186B78F5DFD3}.Release-40|ARM.ActiveCfg = Release|Any CPU
		{A84B6DC2-1439-4D8B-8F43-186B78F5DFD3}.Release-40|ARM.Build.0 = Release|Any CPU
		{A84B6DC2-1439-4D8B-8F43-186B78F5DFD3}.Release-40|x64.ActiveCfg = Release|Any CPU
		{A84B6DC2-1439-4D8B-8F43-186B78F5DFD3}.Release-40|x64.Build.0 = Release|Any CPU
		{A84B6DC2-1439-4D8B-8F43-186B78F5DFD3}.Release-40|x86.ActiveCfg = Release|Any CPU
		{A84B6DC2-1439-4D8B-8F43-186B78F5DFD3}.Release-40|x86.Build.0 = Release|Any CPU
		{A84B6DC2-1439-4D8B-8F43-186B78F5DFD3}.Release-45|Any CPU.ActiveCfg = Release|Any CPU
		{A84B6DC2-1439-4D8B-8F43-186B78F5DFD3}.Release-45|Any CPU.Build.0 = Release|Any CPU
		{A84B6DC2-1439-4D8B-8F43-186B78F5DFD3}.Release-45|ARM.ActiveCfg = Release|Any CPU
		{A84B6DC2-1439-4D8B-8F43-186B78F5DFD3}.Release-45|ARM.Build.0 = Release|Any CPU
		{A84B6DC2-1439-4D8B-8F43-186B78F5DFD3}.Release-45|x64.ActiveCfg = Release|Any CPU
		{A84B6DC2-1439-4D8B-8F43-186B78F5DFD3}.Release-45|x64.Build.0 = Release|Any CPU
		{A84B6DC2-1439-4D8B-8F43-186B78F5DFD3}.Release-45|x86.ActiveCfg = Release|Any CPU
		{A84B6DC2-1439-4D8B-8F43-186B78F5DFD3}.Release-45|x86.Build.0 = Release|Any CPU
		{A84B6DC2-1439-4D8B-8F43-186B78F5DFD3}.Release-CP|Any CPU.ActiveCfg = Release|Any CPU
		{A84B6DC2-1439-4D8B-8F43-186B78F5DFD3}.Release-CP|Any CPU.Build.0 = Release|Any CPU
		{A84B6DC2-1439-4D8B-8F43-186B78F5DFD3}.Release-CP|ARM.ActiveCfg = Release|Any CPU
		{A84B6DC2-1439-4D8B-8F43-186B78F5DFD3}.Release-CP|ARM.Build.0 = Release|Any CPU
		{A84B6DC2-1439-4D8B-8F43-186B78F5DFD3}.Release-CP|x64.ActiveCfg = Release|Any CPU
		{A84B6DC2-1439-4D8B-8F43-186B78F5DFD3}.Release-CP|x64.Build.0 = Release|Any CPU
		{A84B6DC2-1439-4D8B-8F43-186B78F5DFD3}.Release-CP|x86.ActiveCfg = Release|Any CPU
		{A84B6DC2-1439-4D8B-8F43-186B78F5DFD3}.Release-CP|x86.Build.0 = Release|Any CPU
		{E7E40A9C-2CFC-487A-9D56-83F333A1321D}.Debug_Bosch|Any CPU.ActiveCfg = Debug_Bosch|Any CPU
		{E7E40A9C-2CFC-487A-9D56-83F333A1321D}.Debug_Bosch|Any CPU.Build.0 = Debug_Bosch|Any CPU
		{E7E40A9C-2CFC-487A-9D56-83F333A1321D}.Debug_Bosch|ARM.ActiveCfg = Debug_Bosch|Any CPU
		{E7E40A9C-2CFC-487A-9D56-83F333A1321D}.Debug_Bosch|ARM.Build.0 = Debug_Bosch|Any CPU
		{E7E40A9C-2CFC-487A-9D56-83F333A1321D}.Debug_Bosch|x64.ActiveCfg = Debug_Bosch|Any CPU
		{E7E40A9C-2CFC-487A-9D56-83F333A1321D}.Debug_Bosch|x64.Build.0 = Debug_Bosch|Any CPU
		{E7E40A9C-2CFC-487A-9D56-83F333A1321D}.Debug_Bosch|x86.ActiveCfg = Debug_Bosch|Any CPU
		{E7E40A9C-2CFC-487A-9D56-83F333A1321D}.Debug_Bosch|x86.Build.0 = Debug_Bosch|Any CPU
		{E7E40A9C-2CFC-487A-9D56-83F333A1321D}.Debug|Any CPU.ActiveCfg = Debug|Any CPU
		{E7E40A9C-2CFC-487A-9D56-83F333A1321D}.Debug|Any CPU.Build.0 = Debug|Any CPU
		{E7E40A9C-2CFC-487A-9D56-83F333A1321D}.Debug|ARM.ActiveCfg = Debug|Any CPU
		{E7E40A9C-2CFC-487A-9D56-83F333A1321D}.Debug|ARM.Build.0 = Debug|Any CPU
		{E7E40A9C-2CFC-487A-9D56-83F333A1321D}.Debug|x64.ActiveCfg = Debug|Any CPU
		{E7E40A9C-2CFC-487A-9D56-83F333A1321D}.Debug|x64.Build.0 = Debug|Any CPU
		{E7E40A9C-2CFC-487A-9D56-83F333A1321D}.Debug|x86.ActiveCfg = Debug|Any CPU
		{E7E40A9C-2CFC-487A-9D56-83F333A1321D}.Debug|x86.Build.0 = Debug|Any CPU
		{E7E40A9C-2CFC-487A-9D56-83F333A1321D}.Debug-40|Any CPU.ActiveCfg = Debug-Lenovo|Any CPU
		{E7E40A9C-2CFC-487A-9D56-83F333A1321D}.Debug-40|Any CPU.Build.0 = Debug-Lenovo|Any CPU
		{E7E40A9C-2CFC-487A-9D56-83F333A1321D}.Debug-40|ARM.ActiveCfg = Debug-Lenovo|Any CPU
		{E7E40A9C-2CFC-487A-9D56-83F333A1321D}.Debug-40|ARM.Build.0 = Debug-Lenovo|Any CPU
		{E7E40A9C-2CFC-487A-9D56-83F333A1321D}.Debug-40|x64.ActiveCfg = Debug-Lenovo|Any CPU
		{E7E40A9C-2CFC-487A-9D56-83F333A1321D}.Debug-40|x64.Build.0 = Debug-Lenovo|Any CPU
		{E7E40A9C-2CFC-487A-9D56-83F333A1321D}.Debug-40|x86.ActiveCfg = Debug-Lenovo|Any CPU
		{E7E40A9C-2CFC-487A-9D56-83F333A1321D}.Debug-40|x86.Build.0 = Debug-Lenovo|Any CPU
		{E7E40A9C-2CFC-487A-9D56-83F333A1321D}.Debug-45|Any CPU.ActiveCfg = Debug-Lenovo|Any CPU
		{E7E40A9C-2CFC-487A-9D56-83F333A1321D}.Debug-45|Any CPU.Build.0 = Debug-Lenovo|Any CPU
		{E7E40A9C-2CFC-487A-9D56-83F333A1321D}.Debug-45|ARM.ActiveCfg = Debug-Lenovo|Any CPU
		{E7E40A9C-2CFC-487A-9D56-83F333A1321D}.Debug-45|ARM.Build.0 = Debug-Lenovo|Any CPU
		{E7E40A9C-2CFC-487A-9D56-83F333A1321D}.Debug-45|x64.ActiveCfg = Debug-Lenovo|Any CPU
		{E7E40A9C-2CFC-487A-9D56-83F333A1321D}.Debug-45|x64.Build.0 = Debug-Lenovo|Any CPU
		{E7E40A9C-2CFC-487A-9D56-83F333A1321D}.Debug-45|x86.ActiveCfg = Debug-Lenovo|Any CPU
		{E7E40A9C-2CFC-487A-9D56-83F333A1321D}.Debug-45|x86.Build.0 = Debug-Lenovo|Any CPU
		{E7E40A9C-2CFC-487A-9D56-83F333A1321D}.Debug-Lenovo|Any CPU.ActiveCfg = Debug-Lenovo|Any CPU
		{E7E40A9C-2CFC-487A-9D56-83F333A1321D}.Debug-Lenovo|Any CPU.Build.0 = Debug-Lenovo|Any CPU
		{E7E40A9C-2CFC-487A-9D56-83F333A1321D}.Debug-Lenovo|ARM.ActiveCfg = Debug-Lenovo|Any CPU
		{E7E40A9C-2CFC-487A-9D56-83F333A1321D}.Debug-Lenovo|ARM.Build.0 = Debug-Lenovo|Any CPU
		{E7E40A9C-2CFC-487A-9D56-83F333A1321D}.Debug-Lenovo|x64.ActiveCfg = Debug-Lenovo|Any CPU
		{E7E40A9C-2CFC-487A-9D56-83F333A1321D}.Debug-Lenovo|x64.Build.0 = Debug-Lenovo|Any CPU
		{E7E40A9C-2CFC-487A-9D56-83F333A1321D}.Debug-Lenovo|x86.ActiveCfg = Debug-Lenovo|Any CPU
		{E7E40A9C-2CFC-487A-9D56-83F333A1321D}.Debug-Lenovo|x86.Build.0 = Debug-Lenovo|Any CPU
		{E7E40A9C-2CFC-487A-9D56-83F333A1321D}.Release|Any CPU.ActiveCfg = Release|Any CPU
		{E7E40A9C-2CFC-487A-9D56-83F333A1321D}.Release|Any CPU.Build.0 = Release|Any CPU
		{E7E40A9C-2CFC-487A-9D56-83F333A1321D}.Release|ARM.ActiveCfg = Release|Any CPU
		{E7E40A9C-2CFC-487A-9D56-83F333A1321D}.Release|ARM.Build.0 = Release|Any CPU
		{E7E40A9C-2CFC-487A-9D56-83F333A1321D}.Release|x64.ActiveCfg = Release|Any CPU
		{E7E40A9C-2CFC-487A-9D56-83F333A1321D}.Release|x64.Build.0 = Release|Any CPU
		{E7E40A9C-2CFC-487A-9D56-83F333A1321D}.Release|x86.ActiveCfg = Release|Any CPU
		{E7E40A9C-2CFC-487A-9D56-83F333A1321D}.Release|x86.Build.0 = Release|Any CPU
		{E7E40A9C-2CFC-487A-9D56-83F333A1321D}.Release-40|Any CPU.ActiveCfg = Release-CP|Any CPU
		{E7E40A9C-2CFC-487A-9D56-83F333A1321D}.Release-40|Any CPU.Build.0 = Release-CP|Any CPU
		{E7E40A9C-2CFC-487A-9D56-83F333A1321D}.Release-40|ARM.ActiveCfg = Release-CP|Any CPU
		{E7E40A9C-2CFC-487A-9D56-83F333A1321D}.Release-40|ARM.Build.0 = Release-CP|Any CPU
		{E7E40A9C-2CFC-487A-9D56-83F333A1321D}.Release-40|x64.ActiveCfg = Release-CP|Any CPU
		{E7E40A9C-2CFC-487A-9D56-83F333A1321D}.Release-40|x64.Build.0 = Release-CP|Any CPU
		{E7E40A9C-2CFC-487A-9D56-83F333A1321D}.Release-40|x86.ActiveCfg = Release-CP|Any CPU
		{E7E40A9C-2CFC-487A-9D56-83F333A1321D}.Release-40|x86.Build.0 = Release-CP|Any CPU
		{E7E40A9C-2CFC-487A-9D56-83F333A1321D}.Release-45|Any CPU.ActiveCfg = Release-CP|Any CPU
		{E7E40A9C-2CFC-487A-9D56-83F333A1321D}.Release-45|Any CPU.Build.0 = Release-CP|Any CPU
		{E7E40A9C-2CFC-487A-9D56-83F333A1321D}.Release-45|ARM.ActiveCfg = Release-CP|Any CPU
		{E7E40A9C-2CFC-487A-9D56-83F333A1321D}.Release-45|ARM.Build.0 = Release-CP|Any CPU
		{E7E40A9C-2CFC-487A-9D56-83F333A1321D}.Release-45|x64.ActiveCfg = Release-CP|Any CPU
		{E7E40A9C-2CFC-487A-9D56-83F333A1321D}.Release-45|x64.Build.0 = Release-CP|Any CPU
		{E7E40A9C-2CFC-487A-9D56-83F333A1321D}.Release-45|x86.ActiveCfg = Release-CP|Any CPU
		{E7E40A9C-2CFC-487A-9D56-83F333A1321D}.Release-45|x86.Build.0 = Release-CP|Any CPU
		{E7E40A9C-2CFC-487A-9D56-83F333A1321D}.Release-CP|Any CPU.ActiveCfg = Release-CP|Any CPU
		{E7E40A9C-2CFC-487A-9D56-83F333A1321D}.Release-CP|Any CPU.Build.0 = Release-CP|Any CPU
		{E7E40A9C-2CFC-487A-9D56-83F333A1321D}.Release-CP|ARM.ActiveCfg = Release-CP|Any CPU
		{E7E40A9C-2CFC-487A-9D56-83F333A1321D}.Release-CP|ARM.Build.0 = Release-CP|Any CPU
		{E7E40A9C-2CFC-487A-9D56-83F333A1321D}.Release-CP|x64.ActiveCfg = Release-CP|Any CPU
		{E7E40A9C-2CFC-487A-9D56-83F333A1321D}.Release-CP|x64.Build.0 = Release-CP|Any CPU
		{E7E40A9C-2CFC-487A-9D56-83F333A1321D}.Release-CP|x86.ActiveCfg = Release-CP|Any CPU
		{E7E40A9C-2CFC-487A-9D56-83F333A1321D}.Release-CP|x86.Build.0 = Release-CP|Any CPU
		{602C972A-60A1-4A4C-B272-2B523A740694}.Debug_Bosch|Any CPU.ActiveCfg = Debug|Any CPU
		{602C972A-60A1-4A4C-B272-2B523A740694}.Debug_Bosch|Any CPU.Build.0 = Debug|Any CPU
		{602C972A-60A1-4A4C-B272-2B523A740694}.Debug_Bosch|ARM.ActiveCfg = Debug|Any CPU
		{602C972A-60A1-4A4C-B272-2B523A740694}.Debug_Bosch|ARM.Build.0 = Debug|Any CPU
		{602C972A-60A1-4A4C-B272-2B523A740694}.Debug_Bosch|x64.ActiveCfg = Debug|Any CPU
		{602C972A-60A1-4A4C-B272-2B523A740694}.Debug_Bosch|x64.Build.0 = Debug|Any CPU
		{602C972A-60A1-4A4C-B272-2B523A740694}.Debug_Bosch|x86.ActiveCfg = Debug|Any CPU
		{602C972A-60A1-4A4C-B272-2B523A740694}.Debug_Bosch|x86.Build.0 = Debug|Any CPU
		{602C972A-60A1-4A4C-B272-2B523A740694}.Debug|Any CPU.ActiveCfg = Debug|Any CPU
		{602C972A-60A1-4A4C-B272-2B523A740694}.Debug|Any CPU.Build.0 = Debug|Any CPU
		{602C972A-60A1-4A4C-B272-2B523A740694}.Debug|ARM.ActiveCfg = Debug|Any CPU
		{602C972A-60A1-4A4C-B272-2B523A740694}.Debug|ARM.Build.0 = Debug|Any CPU
		{602C972A-60A1-4A4C-B272-2B523A740694}.Debug|x64.ActiveCfg = Debug|Any CPU
		{602C972A-60A1-4A4C-B272-2B523A740694}.Debug|x64.Build.0 = Debug|Any CPU
		{602C972A-60A1-4A4C-B272-2B523A740694}.Debug|x86.ActiveCfg = Debug|Any CPU
		{602C972A-60A1-4A4C-B272-2B523A740694}.Debug|x86.Build.0 = Debug|Any CPU
		{602C972A-60A1-4A4C-B272-2B523A740694}.Debug-40|Any CPU.ActiveCfg = Debug|Any CPU
		{602C972A-60A1-4A4C-B272-2B523A740694}.Debug-40|Any CPU.Build.0 = Debug|Any CPU
		{602C972A-60A1-4A4C-B272-2B523A740694}.Debug-40|ARM.ActiveCfg = Debug|Any CPU
		{602C972A-60A1-4A4C-B272-2B523A740694}.Debug-40|ARM.Build.0 = Debug|Any CPU
		{602C972A-60A1-4A4C-B272-2B523A740694}.Debug-40|x64.ActiveCfg = Debug|Any CPU
		{602C972A-60A1-4A4C-B272-2B523A740694}.Debug-40|x64.Build.0 = Debug|Any CPU
		{602C972A-60A1-4A4C-B272-2B523A740694}.Debug-40|x86.ActiveCfg = Debug|Any CPU
		{602C972A-60A1-4A4C-B272-2B523A740694}.Debug-40|x86.Build.0 = Debug|Any CPU
		{602C972A-60A1-4A4C-B272-2B523A740694}.Debug-45|Any CPU.ActiveCfg = Debug|Any CPU
		{602C972A-60A1-4A4C-B272-2B523A740694}.Debug-45|Any CPU.Build.0 = Debug|Any CPU
		{602C972A-60A1-4A4C-B272-2B523A740694}.Debug-45|ARM.ActiveCfg = Debug|Any CPU
		{602C972A-60A1-4A4C-B272-2B523A740694}.Debug-45|ARM.Build.0 = Debug|Any CPU
		{602C972A-60A1-4A4C-B272-2B523A740694}.Debug-45|x64.ActiveCfg = Debug|Any CPU
		{602C972A-60A1-4A4C-B272-2B523A740694}.Debug-45|x64.Build.0 = Debug|Any CPU
		{602C972A-60A1-4A4C-B272-2B523A740694}.Debug-45|x86.ActiveCfg = Debug|Any CPU
		{602C972A-60A1-4A4C-B272-2B523A740694}.Debug-45|x86.Build.0 = Debug|Any CPU
		{602C972A-60A1-4A4C-B272-2B523A740694}.Debug-Lenovo|Any CPU.ActiveCfg = Debug|Any CPU
		{602C972A-60A1-4A4C-B272-2B523A740694}.Debug-Lenovo|Any CPU.Build.0 = Debug|Any CPU
		{602C972A-60A1-4A4C-B272-2B523A740694}.Debug-Lenovo|ARM.ActiveCfg = Debug|Any CPU
		{602C972A-60A1-4A4C-B272-2B523A740694}.Debug-Lenovo|ARM.Build.0 = Debug|Any CPU
		{602C972A-60A1-4A4C-B272-2B523A740694}.Debug-Lenovo|x64.ActiveCfg = Debug|Any CPU
		{602C972A-60A1-4A4C-B272-2B523A740694}.Debug-Lenovo|x64.Build.0 = Debug|Any CPU
		{602C972A-60A1-4A4C-B272-2B523A740694}.Debug-Lenovo|x86.ActiveCfg = Debug|Any CPU
		{602C972A-60A1-4A4C-B272-2B523A740694}.Debug-Lenovo|x86.Build.0 = Debug|Any CPU
		{602C972A-60A1-4A4C-B272-2B523A740694}.Release|Any CPU.ActiveCfg = Release|Any CPU
		{602C972A-60A1-4A4C-B272-2B523A740694}.Release|Any CPU.Build.0 = Release|Any CPU
		{602C972A-60A1-4A4C-B272-2B523A740694}.Release|ARM.ActiveCfg = Release|Any CPU
		{602C972A-60A1-4A4C-B272-2B523A740694}.Release|ARM.Build.0 = Release|Any CPU
		{602C972A-60A1-4A4C-B272-2B523A740694}.Release|x64.ActiveCfg = Release|Any CPU
		{602C972A-60A1-4A4C-B272-2B523A740694}.Release|x64.Build.0 = Release|Any CPU
		{602C972A-60A1-4A4C-B272-2B523A740694}.Release|x86.ActiveCfg = Release|Any CPU
		{602C972A-60A1-4A4C-B272-2B523A740694}.Release|x86.Build.0 = Release|Any CPU
		{602C972A-60A1-4A4C-B272-2B523A740694}.Release-40|Any CPU.ActiveCfg = Release|Any CPU
		{602C972A-60A1-4A4C-B272-2B523A740694}.Release-40|Any CPU.Build.0 = Release|Any CPU
		{602C972A-60A1-4A4C-B272-2B523A740694}.Release-40|ARM.ActiveCfg = Release|Any CPU
		{602C972A-60A1-4A4C-B272-2B523A740694}.Release-40|ARM.Build.0 = Release|Any CPU
		{602C972A-60A1-4A4C-B272-2B523A740694}.Release-40|x64.ActiveCfg = Release|Any CPU
		{602C972A-60A1-4A4C-B272-2B523A740694}.Release-40|x64.Build.0 = Release|Any CPU
		{602C972A-60A1-4A4C-B272-2B523A740694}.Release-40|x86.ActiveCfg = Release|Any CPU
		{602C972A-60A1-4A4C-B272-2B523A740694}.Release-40|x86.Build.0 = Release|Any CPU
		{602C972A-60A1-4A4C-B272-2B523A740694}.Release-45|Any CPU.ActiveCfg = Release|Any CPU
		{602C972A-60A1-4A4C-B272-2B523A740694}.Release-45|Any CPU.Build.0 = Release|Any CPU
		{602C972A-60A1-4A4C-B272-2B523A740694}.Release-45|ARM.ActiveCfg = Release|Any CPU
		{602C972A-60A1-4A4C-B272-2B523A740694}.Release-45|ARM.Build.0 = Release|Any CPU
		{602C972A-60A1-4A4C-B272-2B523A740694}.Release-45|x64.ActiveCfg = Release|Any CPU
		{602C972A-60A1-4A4C-B272-2B523A740694}.Release-45|x64.Build.0 = Release|Any CPU
		{602C972A-60A1-4A4C-B272-2B523A740694}.Release-45|x86.ActiveCfg = Release|Any CPU
		{602C972A-60A1-4A4C-B272-2B523A740694}.Release-45|x86.Build.0 = Release|Any CPU
		{602C972A-60A1-4A4C-B272-2B523A740694}.Release-CP|Any CPU.ActiveCfg = Release|Any CPU
		{602C972A-60A1-4A4C-B272-2B523A740694}.Release-CP|Any CPU.Build.0 = Release|Any CPU
		{602C972A-60A1-4A4C-B272-2B523A740694}.Release-CP|ARM.ActiveCfg = Release|Any CPU
		{602C972A-60A1-4A4C-B272-2B523A740694}.Release-CP|ARM.Build.0 = Release|Any CPU
		{602C972A-60A1-4A4C-B272-2B523A740694}.Release-CP|x64.ActiveCfg = Release|Any CPU
		{602C972A-60A1-4A4C-B272-2B523A740694}.Release-CP|x64.Build.0 = Release|Any CPU
		{602C972A-60A1-4A4C-B272-2B523A740694}.Release-CP|x86.ActiveCfg = Release|Any CPU
		{602C972A-60A1-4A4C-B272-2B523A740694}.Release-CP|x86.Build.0 = Release|Any CPU
		{69CCD094-D78B-46AC-9477-77AB91AA42AD}.Debug_Bosch|Any CPU.ActiveCfg = Debug|Any CPU
		{69CCD094-D78B-46AC-9477-77AB91AA42AD}.Debug_Bosch|Any CPU.Build.0 = Debug|Any CPU
		{69CCD094-D78B-46AC-9477-77AB91AA42AD}.Debug_Bosch|ARM.ActiveCfg = Debug|Any CPU
		{69CCD094-D78B-46AC-9477-77AB91AA42AD}.Debug_Bosch|ARM.Build.0 = Debug|Any CPU
		{69CCD094-D78B-46AC-9477-77AB91AA42AD}.Debug_Bosch|x64.ActiveCfg = Debug|Any CPU
		{69CCD094-D78B-46AC-9477-77AB91AA42AD}.Debug_Bosch|x64.Build.0 = Debug|Any CPU
		{69CCD094-D78B-46AC-9477-77AB91AA42AD}.Debug_Bosch|x86.ActiveCfg = Debug|Any CPU
		{69CCD094-D78B-46AC-9477-77AB91AA42AD}.Debug_Bosch|x86.Build.0 = Debug|Any CPU
		{69CCD094-D78B-46AC-9477-77AB91AA42AD}.Debug|Any CPU.ActiveCfg = Debug|Any CPU
		{69CCD094-D78B-46AC-9477-77AB91AA42AD}.Debug|Any CPU.Build.0 = Debug|Any CPU
		{69CCD094-D78B-46AC-9477-77AB91AA42AD}.Debug|ARM.ActiveCfg = Debug|Any CPU
		{69CCD094-D78B-46AC-9477-77AB91AA42AD}.Debug|ARM.Build.0 = Debug|Any CPU
		{69CCD094-D78B-46AC-9477-77AB91AA42AD}.Debug|x64.ActiveCfg = Debug|Any CPU
		{69CCD094-D78B-46AC-9477-77AB91AA42AD}.Debug|x64.Build.0 = Debug|Any CPU
		{69CCD094-D78B-46AC-9477-77AB91AA42AD}.Debug|x86.ActiveCfg = Debug|Any CPU
		{69CCD094-D78B-46AC-9477-77AB91AA42AD}.Debug|x86.Build.0 = Debug|Any CPU
		{69CCD094-D78B-46AC-9477-77AB91AA42AD}.Debug-40|Any CPU.ActiveCfg = Debug|Any CPU
		{69CCD094-D78B-46AC-9477-77AB91AA42AD}.Debug-40|Any CPU.Build.0 = Debug|Any CPU
		{69CCD094-D78B-46AC-9477-77AB91AA42AD}.Debug-40|ARM.ActiveCfg = Debug|Any CPU
		{69CCD094-D78B-46AC-9477-77AB91AA42AD}.Debug-40|ARM.Build.0 = Debug|Any CPU
		{69CCD094-D78B-46AC-9477-77AB91AA42AD}.Debug-40|x64.ActiveCfg = Debug|Any CPU
		{69CCD094-D78B-46AC-9477-77AB91AA42AD}.Debug-40|x64.Build.0 = Debug|Any CPU
		{69CCD094-D78B-46AC-9477-77AB91AA42AD}.Debug-40|x86.ActiveCfg = Debug|Any CPU
		{69CCD094-D78B-46AC-9477-77AB91AA42AD}.Debug-40|x86.Build.0 = Debug|Any CPU
		{69CCD094-D78B-46AC-9477-77AB91AA42AD}.Debug-45|Any CPU.ActiveCfg = Debug|Any CPU
		{69CCD094-D78B-46AC-9477-77AB91AA42AD}.Debug-45|Any CPU.Build.0 = Debug|Any CPU
		{69CCD094-D78B-46AC-9477-77AB91AA42AD}.Debug-45|ARM.ActiveCfg = Debug|Any CPU
		{69CCD094-D78B-46AC-9477-77AB91AA42AD}.Debug-45|ARM.Build.0 = Debug|Any CPU
		{69CCD094-D78B-46AC-9477-77AB91AA42AD}.Debug-45|x64.ActiveCfg = Debug|Any CPU
		{69CCD094-D78B-46AC-9477-77AB91AA42AD}.Debug-45|x64.Build.0 = Debug|Any CPU
		{69CCD094-D78B-46AC-9477-77AB91AA42AD}.Debug-45|x86.ActiveCfg = Debug|Any CPU
		{69CCD094-D78B-46AC-9477-77AB91AA42AD}.Debug-45|x86.Build.0 = Debug|Any CPU
		{69CCD094-D78B-46AC-9477-77AB91AA42AD}.Debug-Lenovo|Any CPU.ActiveCfg = Debug|Any CPU
		{69CCD094-D78B-46AC-9477-77AB91AA42AD}.Debug-Lenovo|Any CPU.Build.0 = Debug|Any CPU
		{69CCD094-D78B-46AC-9477-77AB91AA42AD}.Debug-Lenovo|ARM.ActiveCfg = Debug|Any CPU
		{69CCD094-D78B-46AC-9477-77AB91AA42AD}.Debug-Lenovo|ARM.Build.0 = Debug|Any CPU
		{69CCD094-D78B-46AC-9477-77AB91AA42AD}.Debug-Lenovo|x64.ActiveCfg = Debug|Any CPU
		{69CCD094-D78B-46AC-9477-77AB91AA42AD}.Debug-Lenovo|x64.Build.0 = Debug|Any CPU
		{69CCD094-D78B-46AC-9477-77AB91AA42AD}.Debug-Lenovo|x86.ActiveCfg = Debug|Any CPU
		{69CCD094-D78B-46AC-9477-77AB91AA42AD}.Debug-Lenovo|x86.Build.0 = Debug|Any CPU
		{69CCD094-D78B-46AC-9477-77AB91AA42AD}.Release|Any CPU.ActiveCfg = Release|Any CPU
		{69CCD094-D78B-46AC-9477-77AB91AA42AD}.Release|Any CPU.Build.0 = Release|Any CPU
		{69CCD094-D78B-46AC-9477-77AB91AA42AD}.Release|ARM.ActiveCfg = Release|Any CPU
		{69CCD094-D78B-46AC-9477-77AB91AA42AD}.Release|ARM.Build.0 = Release|Any CPU
		{69CCD094-D78B-46AC-9477-77AB91AA42AD}.Release|x64.ActiveCfg = Release|Any CPU
		{69CCD094-D78B-46AC-9477-77AB91AA42AD}.Release|x64.Build.0 = Release|Any CPU
		{69CCD094-D78B-46AC-9477-77AB91AA42AD}.Release|x86.ActiveCfg = Release|Any CPU
		{69CCD094-D78B-46AC-9477-77AB91AA42AD}.Release|x86.Build.0 = Release|Any CPU
		{69CCD094-D78B-46AC-9477-77AB91AA42AD}.Release-40|Any CPU.ActiveCfg = Release|Any CPU
		{69CCD094-D78B-46AC-9477-77AB91AA42AD}.Release-40|Any CPU.Build.0 = Release|Any CPU
		{69CCD094-D78B-46AC-9477-77AB91AA42AD}.Release-40|ARM.ActiveCfg = Release|Any CPU
		{69CCD094-D78B-46AC-9477-77AB91AA42AD}.Release-40|ARM.Build.0 = Release|Any CPU
		{69CCD094-D78B-46AC-9477-77AB91AA42AD}.Release-40|x64.ActiveCfg = Release|Any CPU
		{69CCD094-D78B-46AC-9477-77AB91AA42AD}.Release-40|x64.Build.0 = Release|Any CPU
		{69CCD094-D78B-46AC-9477-77AB91AA42AD}.Release-40|x86.ActiveCfg = Release|Any CPU
		{69CCD094-D78B-46AC-9477-77AB91AA42AD}.Release-40|x86.Build.0 = Release|Any CPU
		{69CCD094-D78B-46AC-9477-77AB91AA42AD}.Release-45|Any CPU.ActiveCfg = Release|Any CPU
		{69CCD094-D78B-46AC-9477-77AB91AA42AD}.Release-45|Any CPU.Build.0 = Release|Any CPU
		{69CCD094-D78B-46AC-9477-77AB91AA42AD}.Release-45|ARM.ActiveCfg = Release|Any CPU
		{69CCD094-D78B-46AC-9477-77AB91AA42AD}.Release-45|ARM.Build.0 = Release|Any CPU
		{69CCD094-D78B-46AC-9477-77AB91AA42AD}.Release-45|x64.ActiveCfg = Release|Any CPU
		{69CCD094-D78B-46AC-9477-77AB91AA42AD}.Release-45|x64.Build.0 = Release|Any CPU
		{69CCD094-D78B-46AC-9477-77AB91AA42AD}.Release-45|x86.ActiveCfg = Release|Any CPU
		{69CCD094-D78B-46AC-9477-77AB91AA42AD}.Release-45|x86.Build.0 = Release|Any CPU
		{69CCD094-D78B-46AC-9477-77AB91AA42AD}.Release-CP|Any CPU.ActiveCfg = Release|Any CPU
		{69CCD094-D78B-46AC-9477-77AB91AA42AD}.Release-CP|Any CPU.Build.0 = Release|Any CPU
		{69CCD094-D78B-46AC-9477-77AB91AA42AD}.Release-CP|ARM.ActiveCfg = Release|Any CPU
		{69CCD094-D78B-46AC-9477-77AB91AA42AD}.Release-CP|ARM.Build.0 = Release|Any CPU
		{69CCD094-D78B-46AC-9477-77AB91AA42AD}.Release-CP|x64.ActiveCfg = Release|Any CPU
		{69CCD094-D78B-46AC-9477-77AB91AA42AD}.Release-CP|x64.Build.0 = Release|Any CPU
		{69CCD094-D78B-46AC-9477-77AB91AA42AD}.Release-CP|x86.ActiveCfg = Release|Any CPU
		{69CCD094-D78B-46AC-9477-77AB91AA42AD}.Release-CP|x86.Build.0 = Release|Any CPU
		{433559C2-FB3B-46DB-AA70-0739EFA8EE90}.Debug_Bosch|Any CPU.ActiveCfg = Debug|Any CPU
		{433559C2-FB3B-46DB-AA70-0739EFA8EE90}.Debug_Bosch|Any CPU.Build.0 = Debug|Any CPU
		{433559C2-FB3B-46DB-AA70-0739EFA8EE90}.Debug_Bosch|ARM.ActiveCfg = Debug|Any CPU
		{433559C2-FB3B-46DB-AA70-0739EFA8EE90}.Debug_Bosch|ARM.Build.0 = Debug|Any CPU
		{433559C2-FB3B-46DB-AA70-0739EFA8EE90}.Debug_Bosch|x64.ActiveCfg = Debug|Any CPU
		{433559C2-FB3B-46DB-AA70-0739EFA8EE90}.Debug_Bosch|x64.Build.0 = Debug|Any CPU
		{433559C2-FB3B-46DB-AA70-0739EFA8EE90}.Debug_Bosch|x86.ActiveCfg = Debug|Any CPU
		{433559C2-FB3B-46DB-AA70-0739EFA8EE90}.Debug_Bosch|x86.Build.0 = Debug|Any CPU
		{433559C2-FB3B-46DB-AA70-0739EFA8EE90}.Debug|Any CPU.ActiveCfg = Debug|Any CPU
		{433559C2-FB3B-46DB-AA70-0739EFA8EE90}.Debug|Any CPU.Build.0 = Debug|Any CPU
		{433559C2-FB3B-46DB-AA70-0739EFA8EE90}.Debug|ARM.ActiveCfg = Debug|Any CPU
		{433559C2-FB3B-46DB-AA70-0739EFA8EE90}.Debug|ARM.Build.0 = Debug|Any CPU
		{433559C2-FB3B-46DB-AA70-0739EFA8EE90}.Debug|x64.ActiveCfg = Debug|Any CPU
		{433559C2-FB3B-46DB-AA70-0739EFA8EE90}.Debug|x64.Build.0 = Debug|Any CPU
		{433559C2-FB3B-46DB-AA70-0739EFA8EE90}.Debug|x86.ActiveCfg = Debug|Any CPU
		{433559C2-FB3B-46DB-AA70-0739EFA8EE90}.Debug|x86.Build.0 = Debug|Any CPU
		{433559C2-FB3B-46DB-AA70-0739EFA8EE90}.Debug-40|Any CPU.ActiveCfg = Debug|Any CPU
		{433559C2-FB3B-46DB-AA70-0739EFA8EE90}.Debug-40|Any CPU.Build.0 = Debug|Any CPU
		{433559C2-FB3B-46DB-AA70-0739EFA8EE90}.Debug-40|ARM.ActiveCfg = Debug|Any CPU
		{433559C2-FB3B-46DB-AA70-0739EFA8EE90}.Debug-40|ARM.Build.0 = Debug|Any CPU
		{433559C2-FB3B-46DB-AA70-0739EFA8EE90}.Debug-40|x64.ActiveCfg = Debug|Any CPU
		{433559C2-FB3B-46DB-AA70-0739EFA8EE90}.Debug-40|x64.Build.0 = Debug|Any CPU
		{433559C2-FB3B-46DB-AA70-0739EFA8EE90}.Debug-40|x86.ActiveCfg = Debug|Any CPU
		{433559C2-FB3B-46DB-AA70-0739EFA8EE90}.Debug-40|x86.Build.0 = Debug|Any CPU
		{433559C2-FB3B-46DB-AA70-0739EFA8EE90}.Debug-45|Any CPU.ActiveCfg = Debug|Any CPU
		{433559C2-FB3B-46DB-AA70-0739EFA8EE90}.Debug-45|Any CPU.Build.0 = Debug|Any CPU
		{433559C2-FB3B-46DB-AA70-0739EFA8EE90}.Debug-45|ARM.ActiveCfg = Debug|Any CPU
		{433559C2-FB3B-46DB-AA70-0739EFA8EE90}.Debug-45|ARM.Build.0 = Debug|Any CPU
		{433559C2-FB3B-46DB-AA70-0739EFA8EE90}.Debug-45|x64.ActiveCfg = Debug|Any CPU
		{433559C2-FB3B-46DB-AA70-0739EFA8EE90}.Debug-45|x64.Build.0 = Debug|Any CPU
		{433559C2-FB3B-46DB-AA70-0739EFA8EE90}.Debug-45|x86.ActiveCfg = Debug|Any CPU
		{433559C2-FB3B-46DB-AA70-0739EFA8EE90}.Debug-45|x86.Build.0 = Debug|Any CPU
		{433559C2-FB3B-46DB-AA70-0739EFA8EE90}.Debug-Lenovo|Any CPU.ActiveCfg = Debug|Any CPU
		{433559C2-FB3B-46DB-AA70-0739EFA8EE90}.Debug-Lenovo|Any CPU.Build.0 = Debug|Any CPU
		{433559C2-FB3B-46DB-AA70-0739EFA8EE90}.Debug-Lenovo|ARM.ActiveCfg = Debug|Any CPU
		{433559C2-FB3B-46DB-AA70-0739EFA8EE90}.Debug-Lenovo|ARM.Build.0 = Debug|Any CPU
		{433559C2-FB3B-46DB-AA70-0739EFA8EE90}.Debug-Lenovo|x64.ActiveCfg = Debug|Any CPU
		{433559C2-FB3B-46DB-AA70-0739EFA8EE90}.Debug-Lenovo|x64.Build.0 = Debug|Any CPU
		{433559C2-FB3B-46DB-AA70-0739EFA8EE90}.Debug-Lenovo|x86.ActiveCfg = Debug|Any CPU
		{433559C2-FB3B-46DB-AA70-0739EFA8EE90}.Debug-Lenovo|x86.Build.0 = Debug|Any CPU
		{433559C2-FB3B-46DB-AA70-0739EFA8EE90}.Release|Any CPU.ActiveCfg = Release|Any CPU
		{433559C2-FB3B-46DB-AA70-0739EFA8EE90}.Release|Any CPU.Build.0 = Release|Any CPU
		{433559C2-FB3B-46DB-AA70-0739EFA8EE90}.Release|ARM.ActiveCfg = Release|Any CPU
		{433559C2-FB3B-46DB-AA70-0739EFA8EE90}.Release|ARM.Build.0 = Release|Any CPU
		{433559C2-FB3B-46DB-AA70-0739EFA8EE90}.Release|x64.ActiveCfg = Release|Any CPU
		{433559C2-FB3B-46DB-AA70-0739EFA8EE90}.Release|x64.Build.0 = Release|Any CPU
		{433559C2-FB3B-46DB-AA70-0739EFA8EE90}.Release|x86.ActiveCfg = Release|Any CPU
		{433559C2-FB3B-46DB-AA70-0739EFA8EE90}.Release|x86.Build.0 = Release|Any CPU
		{433559C2-FB3B-46DB-AA70-0739EFA8EE90}.Release-40|Any CPU.ActiveCfg = Release|Any CPU
		{433559C2-FB3B-46DB-AA70-0739EFA8EE90}.Release-40|Any CPU.Build.0 = Release|Any CPU
		{433559C2-FB3B-46DB-AA70-0739EFA8EE90}.Release-40|ARM.ActiveCfg = Release|Any CPU
		{433559C2-FB3B-46DB-AA70-0739EFA8EE90}.Release-40|ARM.Build.0 = Release|Any CPU
		{433559C2-FB3B-46DB-AA70-0739EFA8EE90}.Release-40|x64.ActiveCfg = Release|Any CPU
		{433559C2-FB3B-46DB-AA70-0739EFA8EE90}.Release-40|x64.Build.0 = Release|Any CPU
		{433559C2-FB3B-46DB-AA70-0739EFA8EE90}.Release-40|x86.ActiveCfg = Release|Any CPU
		{433559C2-FB3B-46DB-AA70-0739EFA8EE90}.Release-40|x86.Build.0 = Release|Any CPU
		{433559C2-FB3B-46DB-AA70-0739EFA8EE90}.Release-45|Any CPU.ActiveCfg = Release|Any CPU
		{433559C2-FB3B-46DB-AA70-0739EFA8EE90}.Release-45|Any CPU.Build.0 = Release|Any CPU
		{433559C2-FB3B-46DB-AA70-0739EFA8EE90}.Release-45|ARM.ActiveCfg = Release|Any CPU
		{433559C2-FB3B-46DB-AA70-0739EFA8EE90}.Release-45|ARM.Build.0 = Release|Any CPU
		{433559C2-FB3B-46DB-AA70-0739EFA8EE90}.Release-45|x64.ActiveCfg = Release|Any CPU
		{433559C2-FB3B-46DB-AA70-0739EFA8EE90}.Release-45|x64.Build.0 = Release|Any CPU
		{433559C2-FB3B-46DB-AA70-0739EFA8EE90}.Release-45|x86.ActiveCfg = Release|Any CPU
		{433559C2-FB3B-46DB-AA70-0739EFA8EE90}.Release-45|x86.Build.0 = Release|Any CPU
		{433559C2-FB3B-46DB-AA70-0739EFA8EE90}.Release-CP|Any CPU.ActiveCfg = Release|Any CPU
		{433559C2-FB3B-46DB-AA70-0739EFA8EE90}.Release-CP|Any CPU.Build.0 = Release|Any CPU
		{433559C2-FB3B-46DB-AA70-0739EFA8EE90}.Release-CP|ARM.ActiveCfg = Release|Any CPU
		{433559C2-FB3B-46DB-AA70-0739EFA8EE90}.Release-CP|ARM.Build.0 = Release|Any CPU
		{433559C2-FB3B-46DB-AA70-0739EFA8EE90}.Release-CP|x64.ActiveCfg = Release|Any CPU
		{433559C2-FB3B-46DB-AA70-0739EFA8EE90}.Release-CP|x64.Build.0 = Release|Any CPU
		{433559C2-FB3B-46DB-AA70-0739EFA8EE90}.Release-CP|x86.ActiveCfg = Release|Any CPU
		{433559C2-FB3B-46DB-AA70-0739EFA8EE90}.Release-CP|x86.Build.0 = Release|Any CPU
		{7ABDC67E-7457-48FA-A81A-4098D291DA19}.Debug_Bosch|Any CPU.ActiveCfg = Debug|Any CPU
		{7ABDC67E-7457-48FA-A81A-4098D291DA19}.Debug_Bosch|Any CPU.Build.0 = Debug|Any CPU
		{7ABDC67E-7457-48FA-A81A-4098D291DA19}.Debug_Bosch|ARM.ActiveCfg = Debug|Any CPU
		{7ABDC67E-7457-48FA-A81A-4098D291DA19}.Debug_Bosch|ARM.Build.0 = Debug|Any CPU
		{7ABDC67E-7457-48FA-A81A-4098D291DA19}.Debug_Bosch|x64.ActiveCfg = Debug|Any CPU
		{7ABDC67E-7457-48FA-A81A-4098D291DA19}.Debug_Bosch|x64.Build.0 = Debug|Any CPU
		{7ABDC67E-7457-48FA-A81A-4098D291DA19}.Debug_Bosch|x86.ActiveCfg = Debug|Any CPU
		{7ABDC67E-7457-48FA-A81A-4098D291DA19}.Debug_Bosch|x86.Build.0 = Debug|Any CPU
		{7ABDC67E-7457-48FA-A81A-4098D291DA19}.Debug|Any CPU.ActiveCfg = Debug|Any CPU
		{7ABDC67E-7457-48FA-A81A-4098D291DA19}.Debug|Any CPU.Build.0 = Debug|Any CPU
		{7ABDC67E-7457-48FA-A81A-4098D291DA19}.Debug|ARM.ActiveCfg = Debug|Any CPU
		{7ABDC67E-7457-48FA-A81A-4098D291DA19}.Debug|ARM.Build.0 = Debug|Any CPU
		{7ABDC67E-7457-48FA-A81A-4098D291DA19}.Debug|x64.ActiveCfg = Debug|Any CPU
		{7ABDC67E-7457-48FA-A81A-4098D291DA19}.Debug|x64.Build.0 = Debug|Any CPU
		{7ABDC67E-7457-48FA-A81A-4098D291DA19}.Debug|x86.ActiveCfg = Debug|Any CPU
		{7ABDC67E-7457-48FA-A81A-4098D291DA19}.Debug|x86.Build.0 = Debug|Any CPU
		{7ABDC67E-7457-48FA-A81A-4098D291DA19}.Debug-40|Any CPU.ActiveCfg = Debug|Any CPU
		{7ABDC67E-7457-48FA-A81A-4098D291DA19}.Debug-40|Any CPU.Build.0 = Debug|Any CPU
		{7ABDC67E-7457-48FA-A81A-4098D291DA19}.Debug-40|ARM.ActiveCfg = Debug|Any CPU
		{7ABDC67E-7457-48FA-A81A-4098D291DA19}.Debug-40|ARM.Build.0 = Debug|Any CPU
		{7ABDC67E-7457-48FA-A81A-4098D291DA19}.Debug-40|x64.ActiveCfg = Debug|Any CPU
		{7ABDC67E-7457-48FA-A81A-4098D291DA19}.Debug-40|x64.Build.0 = Debug|Any CPU
		{7ABDC67E-7457-48FA-A81A-4098D291DA19}.Debug-40|x86.ActiveCfg = Debug|Any CPU
		{7ABDC67E-7457-48FA-A81A-4098D291DA19}.Debug-40|x86.Build.0 = Debug|Any CPU
		{7ABDC67E-7457-48FA-A81A-4098D291DA19}.Debug-45|Any CPU.ActiveCfg = Debug|Any CPU
		{7ABDC67E-7457-48FA-A81A-4098D291DA19}.Debug-45|Any CPU.Build.0 = Debug|Any CPU
		{7ABDC67E-7457-48FA-A81A-4098D291DA19}.Debug-45|ARM.ActiveCfg = Debug|Any CPU
		{7ABDC67E-7457-48FA-A81A-4098D291DA19}.Debug-45|ARM.Build.0 = Debug|Any CPU
		{7ABDC67E-7457-48FA-A81A-4098D291DA19}.Debug-45|x64.ActiveCfg = Debug|Any CPU
		{7ABDC67E-7457-48FA-A81A-4098D291DA19}.Debug-45|x64.Build.0 = Debug|Any CPU
		{7ABDC67E-7457-48FA-A81A-4098D291DA19}.Debug-45|x86.ActiveCfg = Debug|Any CPU
		{7ABDC67E-7457-48FA-A81A-4098D291DA19}.Debug-45|x86.Build.0 = Debug|Any CPU
		{7ABDC67E-7457-48FA-A81A-4098D291DA19}.Debug-Lenovo|Any CPU.ActiveCfg = Debug|Any CPU
		{7ABDC67E-7457-48FA-A81A-4098D291DA19}.Debug-Lenovo|Any CPU.Build.0 = Debug|Any CPU
		{7ABDC67E-7457-48FA-A81A-4098D291DA19}.Debug-Lenovo|ARM.ActiveCfg = Debug|Any CPU
		{7ABDC67E-7457-48FA-A81A-4098D291DA19}.Debug-Lenovo|ARM.Build.0 = Debug|Any CPU
		{7ABDC67E-7457-48FA-A81A-4098D291DA19}.Debug-Lenovo|x64.ActiveCfg = Debug|Any CPU
		{7ABDC67E-7457-48FA-A81A-4098D291DA19}.Debug-Lenovo|x64.Build.0 = Debug|Any CPU
		{7ABDC67E-7457-48FA-A81A-4098D291DA19}.Debug-Lenovo|x86.ActiveCfg = Debug|Any CPU
		{7ABDC67E-7457-48FA-A81A-4098D291DA19}.Debug-Lenovo|x86.Build.0 = Debug|Any CPU
		{7ABDC67E-7457-48FA-A81A-4098D291DA19}.Release|Any CPU.ActiveCfg = Release|Any CPU
		{7ABDC67E-7457-48FA-A81A-4098D291DA19}.Release|Any CPU.Build.0 = Release|Any CPU
		{7ABDC67E-7457-48FA-A81A-4098D291DA19}.Release|ARM.ActiveCfg = Release|Any CPU
		{7ABDC67E-7457-48FA-A81A-4098D291DA19}.Release|ARM.Build.0 = Release|Any CPU
		{7ABDC67E-7457-48FA-A81A-4098D291DA19}.Release|x64.ActiveCfg = Release|Any CPU
		{7ABDC67E-7457-48FA-A81A-4098D291DA19}.Release|x64.Build.0 = Release|Any CPU
		{7ABDC67E-7457-48FA-A81A-4098D291DA19}.Release|x86.ActiveCfg = Release|Any CPU
		{7ABDC67E-7457-48FA-A81A-4098D291DA19}.Release|x86.Build.0 = Release|Any CPU
		{7ABDC67E-7457-48FA-A81A-4098D291DA19}.Release-40|Any CPU.ActiveCfg = Release|Any CPU
		{7ABDC67E-7457-48FA-A81A-4098D291DA19}.Release-40|Any CPU.Build.0 = Release|Any CPU
		{7ABDC67E-7457-48FA-A81A-4098D291DA19}.Release-40|ARM.ActiveCfg = Release|Any CPU
		{7ABDC67E-7457-48FA-A81A-4098D291DA19}.Release-40|ARM.Build.0 = Release|Any CPU
		{7ABDC67E-7457-48FA-A81A-4098D291DA19}.Release-40|x64.ActiveCfg = Release|Any CPU
		{7ABDC67E-7457-48FA-A81A-4098D291DA19}.Release-40|x64.Build.0 = Release|Any CPU
		{7ABDC67E-7457-48FA-A81A-4098D291DA19}.Release-40|x86.ActiveCfg = Release|Any CPU
		{7ABDC67E-7457-48FA-A81A-4098D291DA19}.Release-40|x86.Build.0 = Release|Any CPU
		{7ABDC67E-7457-48FA-A81A-4098D291DA19}.Release-45|Any CPU.ActiveCfg = Release|Any CPU
		{7ABDC67E-7457-48FA-A81A-4098D291DA19}.Release-45|Any CPU.Build.0 = Release|Any CPU
		{7ABDC67E-7457-48FA-A81A-4098D291DA19}.Release-45|ARM.ActiveCfg = Release|Any CPU
		{7ABDC67E-7457-48FA-A81A-4098D291DA19}.Release-45|ARM.Build.0 = Release|Any CPU
		{7ABDC67E-7457-48FA-A81A-4098D291DA19}.Release-45|x64.ActiveCfg = Release|Any CPU
		{7ABDC67E-7457-48FA-A81A-4098D291DA19}.Release-45|x64.Build.0 = Release|Any CPU
		{7ABDC67E-7457-48FA-A81A-4098D291DA19}.Release-45|x86.ActiveCfg = Release|Any CPU
		{7ABDC67E-7457-48FA-A81A-4098D291DA19}.Release-45|x86.Build.0 = Release|Any CPU
		{7ABDC67E-7457-48FA-A81A-4098D291DA19}.Release-CP|Any CPU.ActiveCfg = Release|Any CPU
		{7ABDC67E-7457-48FA-A81A-4098D291DA19}.Release-CP|Any CPU.Build.0 = Release|Any CPU
		{7ABDC67E-7457-48FA-A81A-4098D291DA19}.Release-CP|ARM.ActiveCfg = Release|Any CPU
		{7ABDC67E-7457-48FA-A81A-4098D291DA19}.Release-CP|ARM.Build.0 = Release|Any CPU
		{7ABDC67E-7457-48FA-A81A-4098D291DA19}.Release-CP|x64.ActiveCfg = Release|Any CPU
		{7ABDC67E-7457-48FA-A81A-4098D291DA19}.Release-CP|x64.Build.0 = Release|Any CPU
		{7ABDC67E-7457-48FA-A81A-4098D291DA19}.Release-CP|x86.ActiveCfg = Release|Any CPU
		{7ABDC67E-7457-48FA-A81A-4098D291DA19}.Release-CP|x86.Build.0 = Release|Any CPU
		{517AAE88-AE5B-4B98-863A-C6C39D1CC833}.Debug_Bosch|Any CPU.ActiveCfg = Debug_Bosch|Any CPU
		{517AAE88-AE5B-4B98-863A-C6C39D1CC833}.Debug_Bosch|Any CPU.Build.0 = Debug_Bosch|Any CPU
		{517AAE88-AE5B-4B98-863A-C6C39D1CC833}.Debug_Bosch|ARM.ActiveCfg = Debug_Bosch|Any CPU
		{517AAE88-AE5B-4B98-863A-C6C39D1CC833}.Debug_Bosch|ARM.Build.0 = Debug_Bosch|Any CPU
		{517AAE88-AE5B-4B98-863A-C6C39D1CC833}.Debug_Bosch|x64.ActiveCfg = Debug_Bosch|Any CPU
		{517AAE88-AE5B-4B98-863A-C6C39D1CC833}.Debug_Bosch|x64.Build.0 = Debug_Bosch|Any CPU
		{517AAE88-AE5B-4B98-863A-C6C39D1CC833}.Debug_Bosch|x86.ActiveCfg = Debug_Bosch|Any CPU
		{517AAE88-AE5B-4B98-863A-C6C39D1CC833}.Debug_Bosch|x86.Build.0 = Debug_Bosch|Any CPU
		{517AAE88-AE5B-4B98-863A-C6C39D1CC833}.Debug|Any CPU.ActiveCfg = Debug|Any CPU
		{517AAE88-AE5B-4B98-863A-C6C39D1CC833}.Debug|Any CPU.Build.0 = Debug|Any CPU
		{517AAE88-AE5B-4B98-863A-C6C39D1CC833}.Debug|ARM.ActiveCfg = Debug|Any CPU
		{517AAE88-AE5B-4B98-863A-C6C39D1CC833}.Debug|ARM.Build.0 = Debug|Any CPU
		{517AAE88-AE5B-4B98-863A-C6C39D1CC833}.Debug|x64.ActiveCfg = Debug|Any CPU
		{517AAE88-AE5B-4B98-863A-C6C39D1CC833}.Debug|x64.Build.0 = Debug|Any CPU
		{517AAE88-AE5B-4B98-863A-C6C39D1CC833}.Debug|x86.ActiveCfg = Debug|Any CPU
		{517AAE88-AE5B-4B98-863A-C6C39D1CC833}.Debug|x86.Build.0 = Debug|Any CPU
		{517AAE88-AE5B-4B98-863A-C6C39D1CC833}.Debug-40|Any CPU.ActiveCfg = Debug-Lenovo|Any CPU
		{517AAE88-AE5B-4B98-863A-C6C39D1CC833}.Debug-40|Any CPU.Build.0 = Debug-Lenovo|Any CPU
		{517AAE88-AE5B-4B98-863A-C6C39D1CC833}.Debug-40|ARM.ActiveCfg = Debug-Lenovo|Any CPU
		{517AAE88-AE5B-4B98-863A-C6C39D1CC833}.Debug-40|ARM.Build.0 = Debug-Lenovo|Any CPU
		{517AAE88-AE5B-4B98-863A-C6C39D1CC833}.Debug-40|x64.ActiveCfg = Debug-Lenovo|Any CPU
		{517AAE88-AE5B-4B98-863A-C6C39D1CC833}.Debug-40|x64.Build.0 = Debug-Lenovo|Any CPU
		{517AAE88-AE5B-4B98-863A-C6C39D1CC833}.Debug-40|x86.ActiveCfg = Debug-Lenovo|Any CPU
		{517AAE88-AE5B-4B98-863A-C6C39D1CC833}.Debug-40|x86.Build.0 = Debug-Lenovo|Any CPU
		{517AAE88-AE5B-4B98-863A-C6C39D1CC833}.Debug-45|Any CPU.ActiveCfg = Debug-Lenovo|Any CPU
		{517AAE88-AE5B-4B98-863A-C6C39D1CC833}.Debug-45|Any CPU.Build.0 = Debug-Lenovo|Any CPU
		{517AAE88-AE5B-4B98-863A-C6C39D1CC833}.Debug-45|ARM.ActiveCfg = Debug-Lenovo|Any CPU
		{517AAE88-AE5B-4B98-863A-C6C39D1CC833}.Debug-45|ARM.Build.0 = Debug-Lenovo|Any CPU
		{517AAE88-AE5B-4B98-863A-C6C39D1CC833}.Debug-45|x64.ActiveCfg = Debug-Lenovo|Any CPU
		{517AAE88-AE5B-4B98-863A-C6C39D1CC833}.Debug-45|x64.Build.0 = Debug-Lenovo|Any CPU
		{517AAE88-AE5B-4B98-863A-C6C39D1CC833}.Debug-45|x86.ActiveCfg = Debug-Lenovo|Any CPU
		{517AAE88-AE5B-4B98-863A-C6C39D1CC833}.Debug-45|x86.Build.0 = Debug-Lenovo|Any CPU
		{517AAE88-AE5B-4B98-863A-C6C39D1CC833}.Debug-Lenovo|Any CPU.ActiveCfg = Debug-Lenovo|Any CPU
		{517AAE88-AE5B-4B98-863A-C6C39D1CC833}.Debug-Lenovo|Any CPU.Build.0 = Debug-Lenovo|Any CPU
		{517AAE88-AE5B-4B98-863A-C6C39D1CC833}.Debug-Lenovo|ARM.ActiveCfg = Debug-Lenovo|Any CPU
		{517AAE88-AE5B-4B98-863A-C6C39D1CC833}.Debug-Lenovo|ARM.Build.0 = Debug-Lenovo|Any CPU
		{517AAE88-AE5B-4B98-863A-C6C39D1CC833}.Debug-Lenovo|x64.ActiveCfg = Debug-Lenovo|Any CPU
		{517AAE88-AE5B-4B98-863A-C6C39D1CC833}.Debug-Lenovo|x64.Build.0 = Debug-Lenovo|Any CPU
		{517AAE88-AE5B-4B98-863A-C6C39D1CC833}.Debug-Lenovo|x86.ActiveCfg = Debug-Lenovo|Any CPU
		{517AAE88-AE5B-4B98-863A-C6C39D1CC833}.Debug-Lenovo|x86.Build.0 = Debug-Lenovo|Any CPU
		{517AAE88-AE5B-4B98-863A-C6C39D1CC833}.Release|Any CPU.ActiveCfg = Release|Any CPU
		{517AAE88-AE5B-4B98-863A-C6C39D1CC833}.Release|Any CPU.Build.0 = Release|Any CPU
		{517AAE88-AE5B-4B98-863A-C6C39D1CC833}.Release|ARM.ActiveCfg = Release|Any CPU
		{517AAE88-AE5B-4B98-863A-C6C39D1CC833}.Release|ARM.Build.0 = Release|Any CPU
		{517AAE88-AE5B-4B98-863A-C6C39D1CC833}.Release|x64.ActiveCfg = Release|Any CPU
		{517AAE88-AE5B-4B98-863A-C6C39D1CC833}.Release|x64.Build.0 = Release|Any CPU
		{517AAE88-AE5B-4B98-863A-C6C39D1CC833}.Release|x86.ActiveCfg = Release|Any CPU
		{517AAE88-AE5B-4B98-863A-C6C39D1CC833}.Release|x86.Build.0 = Release|Any CPU
		{517AAE88-AE5B-4B98-863A-C6C39D1CC833}.Release-40|Any CPU.ActiveCfg = Release-CP|Any CPU
		{517AAE88-AE5B-4B98-863A-C6C39D1CC833}.Release-40|Any CPU.Build.0 = Release-CP|Any CPU
		{517AAE88-AE5B-4B98-863A-C6C39D1CC833}.Release-40|ARM.ActiveCfg = Release-CP|Any CPU
		{517AAE88-AE5B-4B98-863A-C6C39D1CC833}.Release-40|ARM.Build.0 = Release-CP|Any CPU
		{517AAE88-AE5B-4B98-863A-C6C39D1CC833}.Release-40|x64.ActiveCfg = Release-CP|Any CPU
		{517AAE88-AE5B-4B98-863A-C6C39D1CC833}.Release-40|x64.Build.0 = Release-CP|Any CPU
		{517AAE88-AE5B-4B98-863A-C6C39D1CC833}.Release-40|x86.ActiveCfg = Release-CP|Any CPU
		{517AAE88-AE5B-4B98-863A-C6C39D1CC833}.Release-40|x86.Build.0 = Release-CP|Any CPU
		{517AAE88-AE5B-4B98-863A-C6C39D1CC833}.Release-45|Any CPU.ActiveCfg = Release-CP|Any CPU
		{517AAE88-AE5B-4B98-863A-C6C39D1CC833}.Release-45|Any CPU.Build.0 = Release-CP|Any CPU
		{517AAE88-AE5B-4B98-863A-C6C39D1CC833}.Release-45|ARM.ActiveCfg = Release-CP|Any CPU
		{517AAE88-AE5B-4B98-863A-C6C39D1CC833}.Release-45|ARM.Build.0 = Release-CP|Any CPU
		{517AAE88-AE5B-4B98-863A-C6C39D1CC833}.Release-45|x64.ActiveCfg = Release-CP|Any CPU
		{517AAE88-AE5B-4B98-863A-C6C39D1CC833}.Release-45|x64.Build.0 = Release-CP|Any CPU
		{517AAE88-AE5B-4B98-863A-C6C39D1CC833}.Release-45|x86.ActiveCfg = Release-CP|Any CPU
		{517AAE88-AE5B-4B98-863A-C6C39D1CC833}.Release-45|x86.Build.0 = Release-CP|Any CPU
		{517AAE88-AE5B-4B98-863A-C6C39D1CC833}.Release-CP|Any CPU.ActiveCfg = Release-CP|Any CPU
		{517AAE88-AE5B-4B98-863A-C6C39D1CC833}.Release-CP|Any CPU.Build.0 = Release-CP|Any CPU
		{517AAE88-AE5B-4B98-863A-C6C39D1CC833}.Release-CP|ARM.ActiveCfg = Release-CP|Any CPU
		{517AAE88-AE5B-4B98-863A-C6C39D1CC833}.Release-CP|ARM.Build.0 = Release-CP|Any CPU
		{517AAE88-AE5B-4B98-863A-C6C39D1CC833}.Release-CP|x64.ActiveCfg = Release-CP|Any CPU
		{517AAE88-AE5B-4B98-863A-C6C39D1CC833}.Release-CP|x64.Build.0 = Release-CP|Any CPU
		{517AAE88-AE5B-4B98-863A-C6C39D1CC833}.Release-CP|x86.ActiveCfg = Release-CP|Any CPU
		{517AAE88-AE5B-4B98-863A-C6C39D1CC833}.Release-CP|x86.Build.0 = Release-CP|Any CPU
		{1CD32790-AE4C-429C-BAC2-C51208EAC6A2}.Debug_Bosch|Any CPU.ActiveCfg = Debug|Any CPU
		{1CD32790-AE4C-429C-BAC2-C51208EAC6A2}.Debug_Bosch|Any CPU.Build.0 = Debug|Any CPU
		{1CD32790-AE4C-429C-BAC2-C51208EAC6A2}.Debug_Bosch|ARM.ActiveCfg = Debug|Any CPU
		{1CD32790-AE4C-429C-BAC2-C51208EAC6A2}.Debug_Bosch|ARM.Build.0 = Debug|Any CPU
		{1CD32790-AE4C-429C-BAC2-C51208EAC6A2}.Debug_Bosch|x64.ActiveCfg = Debug|Any CPU
		{1CD32790-AE4C-429C-BAC2-C51208EAC6A2}.Debug_Bosch|x64.Build.0 = Debug|Any CPU
		{1CD32790-AE4C-429C-BAC2-C51208EAC6A2}.Debug_Bosch|x86.ActiveCfg = Debug|Any CPU
		{1CD32790-AE4C-429C-BAC2-C51208EAC6A2}.Debug_Bosch|x86.Build.0 = Debug|Any CPU
		{1CD32790-AE4C-429C-BAC2-C51208EAC6A2}.Debug|Any CPU.ActiveCfg = Debug|Any CPU
		{1CD32790-AE4C-429C-BAC2-C51208EAC6A2}.Debug|Any CPU.Build.0 = Debug|Any CPU
		{1CD32790-AE4C-429C-BAC2-C51208EAC6A2}.Debug|ARM.ActiveCfg = Debug|Any CPU
		{1CD32790-AE4C-429C-BAC2-C51208EAC6A2}.Debug|ARM.Build.0 = Debug|Any CPU
		{1CD32790-AE4C-429C-BAC2-C51208EAC6A2}.Debug|x64.ActiveCfg = Debug|Any CPU
		{1CD32790-AE4C-429C-BAC2-C51208EAC6A2}.Debug|x64.Build.0 = Debug|Any CPU
		{1CD32790-AE4C-429C-BAC2-C51208EAC6A2}.Debug|x86.ActiveCfg = Debug|Any CPU
		{1CD32790-AE4C-429C-BAC2-C51208EAC6A2}.Debug|x86.Build.0 = Debug|Any CPU
		{1CD32790-AE4C-429C-BAC2-C51208EAC6A2}.Debug-40|Any CPU.ActiveCfg = Debug|Any CPU
		{1CD32790-AE4C-429C-BAC2-C51208EAC6A2}.Debug-40|Any CPU.Build.0 = Debug|Any CPU
		{1CD32790-AE4C-429C-BAC2-C51208EAC6A2}.Debug-40|ARM.ActiveCfg = Debug|Any CPU
		{1CD32790-AE4C-429C-BAC2-C51208EAC6A2}.Debug-40|ARM.Build.0 = Debug|Any CPU
		{1CD32790-AE4C-429C-BAC2-C51208EAC6A2}.Debug-40|x64.ActiveCfg = Debug|Any CPU
		{1CD32790-AE4C-429C-BAC2-C51208EAC6A2}.Debug-40|x64.Build.0 = Debug|Any CPU
		{1CD32790-AE4C-429C-BAC2-C51208EAC6A2}.Debug-40|x86.ActiveCfg = Debug|Any CPU
		{1CD32790-AE4C-429C-BAC2-C51208EAC6A2}.Debug-40|x86.Build.0 = Debug|Any CPU
		{1CD32790-AE4C-429C-BAC2-C51208EAC6A2}.Debug-45|Any CPU.ActiveCfg = Debug|Any CPU
		{1CD32790-AE4C-429C-BAC2-C51208EAC6A2}.Debug-45|Any CPU.Build.0 = Debug|Any CPU
		{1CD32790-AE4C-429C-BAC2-C51208EAC6A2}.Debug-45|ARM.ActiveCfg = Debug|Any CPU
		{1CD32790-AE4C-429C-BAC2-C51208EAC6A2}.Debug-45|ARM.Build.0 = Debug|Any CPU
		{1CD32790-AE4C-429C-BAC2-C51208EAC6A2}.Debug-45|x64.ActiveCfg = Debug|Any CPU
		{1CD32790-AE4C-429C-BAC2-C51208EAC6A2}.Debug-45|x64.Build.0 = Debug|Any CPU
		{1CD32790-AE4C-429C-BAC2-C51208EAC6A2}.Debug-45|x86.ActiveCfg = Debug|Any CPU
		{1CD32790-AE4C-429C-BAC2-C51208EAC6A2}.Debug-45|x86.Build.0 = Debug|Any CPU
		{1CD32790-AE4C-429C-BAC2-C51208EAC6A2}.Debug-Lenovo|Any CPU.ActiveCfg = Debug|Any CPU
		{1CD32790-AE4C-429C-BAC2-C51208EAC6A2}.Debug-Lenovo|Any CPU.Build.0 = Debug|Any CPU
		{1CD32790-AE4C-429C-BAC2-C51208EAC6A2}.Debug-Lenovo|ARM.ActiveCfg = Debug|Any CPU
		{1CD32790-AE4C-429C-BAC2-C51208EAC6A2}.Debug-Lenovo|ARM.Build.0 = Debug|Any CPU
		{1CD32790-AE4C-429C-BAC2-C51208EAC6A2}.Debug-Lenovo|x64.ActiveCfg = Debug|Any CPU
		{1CD32790-AE4C-429C-BAC2-C51208EAC6A2}.Debug-Lenovo|x64.Build.0 = Debug|Any CPU
		{1CD32790-AE4C-429C-BAC2-C51208EAC6A2}.Debug-Lenovo|x86.ActiveCfg = Debug|Any CPU
		{1CD32790-AE4C-429C-BAC2-C51208EAC6A2}.Debug-Lenovo|x86.Build.0 = Debug|Any CPU
		{1CD32790-AE4C-429C-BAC2-C51208EAC6A2}.Release|Any CPU.ActiveCfg = Release|Any CPU
		{1CD32790-AE4C-429C-BAC2-C51208EAC6A2}.Release|Any CPU.Build.0 = Release|Any CPU
		{1CD32790-AE4C-429C-BAC2-C51208EAC6A2}.Release|ARM.ActiveCfg = Release|Any CPU
		{1CD32790-AE4C-429C-BAC2-C51208EAC6A2}.Release|ARM.Build.0 = Release|Any CPU
		{1CD32790-AE4C-429C-BAC2-C51208EAC6A2}.Release|x64.ActiveCfg = Release|Any CPU
		{1CD32790-AE4C-429C-BAC2-C51208EAC6A2}.Release|x64.Build.0 = Release|Any CPU
		{1CD32790-AE4C-429C-BAC2-C51208EAC6A2}.Release|x86.ActiveCfg = Release|Any CPU
		{1CD32790-AE4C-429C-BAC2-C51208EAC6A2}.Release|x86.Build.0 = Release|Any CPU
		{1CD32790-AE4C-429C-BAC2-C51208EAC6A2}.Release-40|Any CPU.ActiveCfg = Release|Any CPU
		{1CD32790-AE4C-429C-BAC2-C51208EAC6A2}.Release-40|Any CPU.Build.0 = Release|Any CPU
		{1CD32790-AE4C-429C-BAC2-C51208EAC6A2}.Release-40|ARM.ActiveCfg = Release|Any CPU
		{1CD32790-AE4C-429C-BAC2-C51208EAC6A2}.Release-40|ARM.Build.0 = Release|Any CPU
		{1CD32790-AE4C-429C-BAC2-C51208EAC6A2}.Release-40|x64.ActiveCfg = Release|Any CPU
		{1CD32790-AE4C-429C-BAC2-C51208EAC6A2}.Release-40|x64.Build.0 = Release|Any CPU
		{1CD32790-AE4C-429C-BAC2-C51208EAC6A2}.Release-40|x86.ActiveCfg = Release|Any CPU
		{1CD32790-AE4C-429C-BAC2-C51208EAC6A2}.Release-40|x86.Build.0 = Release|Any CPU
		{1CD32790-AE4C-429C-BAC2-C51208EAC6A2}.Release-45|Any CPU.ActiveCfg = Release|Any CPU
		{1CD32790-AE4C-429C-BAC2-C51208EAC6A2}.Release-45|Any CPU.Build.0 = Release|Any CPU
		{1CD32790-AE4C-429C-BAC2-C51208EAC6A2}.Release-45|ARM.ActiveCfg = Release|Any CPU
		{1CD32790-AE4C-429C-BAC2-C51208EAC6A2}.Release-45|ARM.Build.0 = Release|Any CPU
		{1CD32790-AE4C-429C-BAC2-C51208EAC6A2}.Release-45|x64.ActiveCfg = Release|Any CPU
		{1CD32790-AE4C-429C-BAC2-C51208EAC6A2}.Release-45|x64.Build.0 = Release|Any CPU
		{1CD32790-AE4C-429C-BAC2-C51208EAC6A2}.Release-45|x86.ActiveCfg = Release|Any CPU
		{1CD32790-AE4C-429C-BAC2-C51208EAC6A2}.Release-45|x86.Build.0 = Release|Any CPU
		{1CD32790-AE4C-429C-BAC2-C51208EAC6A2}.Release-CP|Any CPU.ActiveCfg = Release|Any CPU
		{1CD32790-AE4C-429C-BAC2-C51208EAC6A2}.Release-CP|Any CPU.Build.0 = Release|Any CPU
		{1CD32790-AE4C-429C-BAC2-C51208EAC6A2}.Release-CP|ARM.ActiveCfg = Release|Any CPU
		{1CD32790-AE4C-429C-BAC2-C51208EAC6A2}.Release-CP|ARM.Build.0 = Release|Any CPU
		{1CD32790-AE4C-429C-BAC2-C51208EAC6A2}.Release-CP|x64.ActiveCfg = Release|Any CPU
		{1CD32790-AE4C-429C-BAC2-C51208EAC6A2}.Release-CP|x64.Build.0 = Release|Any CPU
		{1CD32790-AE4C-429C-BAC2-C51208EAC6A2}.Release-CP|x86.ActiveCfg = Release|Any CPU
		{1CD32790-AE4C-429C-BAC2-C51208EAC6A2}.Release-CP|x86.Build.0 = Release|Any CPU
	EndGlobalSection
	GlobalSection(SolutionProperties) = preSolution
		HideSolutionNode = FALSE
	EndGlobalSection
	GlobalSection(ExtensibilityGlobals) = postSolution
		SolutionGuid = {AADD4C71-98CA-4A8E-8929-879E48FAB22D}
	EndGlobalSection
	GlobalSection(Performance) = preSolution
		HasPerformanceSessions = true
	EndGlobalSection
EndGlobal
